// !$*UTF8*$!
{
	archiveVersion = 1;
	classes = {
	};
	objectVersion = 48;
	objects = {

/* Begin PBXBuildFile section */
		B424F527C38E985EFCFD386C /* libPods-QianChengApp.a in Frameworks */ = {isa = PBXBuildFile; fileRef = 75648AE3F7E99A7D77994D84 /* libPods-QianChengApp.a */; };
		D60BC5CE1FD187F9001A6913 /* InfoListModel.m in Sources */ = {isa = PBXBuildFile; fileRef = D60BC5CD1FD187F9001A6913 /* InfoListModel.m */; };
		D60BC5D11FD18A17001A6913 /* InfoDetailRequest.m in Sources */ = {isa = PBXBuildFile; fileRef = D60BC5D01FD18A17001A6913 /* InfoDetailRequest.m */; };
		D60BC5D41FD18AD8001A6913 /* InfoDetailModel.m in Sources */ = {isa = PBXBuildFile; fileRef = D60BC5D31FD18AD8001A6913 /* InfoDetailModel.m */; };
		D60BC5D81FD19821001A6913 /* MyAppTableViewCell.m in Sources */ = {isa = PBXBuildFile; fileRef = D60BC5D61FD19821001A6913 /* MyAppTableViewCell.m */; };
		D60BC5D91FD19821001A6913 /* MyAppTableViewCell.xib in Resources */ = {isa = PBXBuildFile; fileRef = D60BC5D71FD19821001A6913 /* MyAppTableViewCell.xib */; };
		D60BC5E01FD19C37001A6913 /* AboutViewController.m in Sources */ = {isa = PBXBuildFile; fileRef = D60BC5DE1FD19C37001A6913 /* AboutViewController.m */; };
		D60BC5E11FD19C37001A6913 /* AboutViewController.xib in Resources */ = {isa = PBXBuildFile; fileRef = D60BC5DF1FD19C37001A6913 /* AboutViewController.xib */; };
		D60BC5E51FD19D44001A6913 /* MyCollectViewController.m in Sources */ = {isa = PBXBuildFile; fileRef = D60BC5E31FD19D44001A6913 /* MyCollectViewController.m */; };
		D60BC5E61FD19D44001A6913 /* MyCollectViewController.xib in Resources */ = {isa = PBXBuildFile; fileRef = D60BC5E41FD19D44001A6913 /* MyCollectViewController.xib */; };
		D60BC5E91FD2B4FF001A6913 /* CollectDaiKuanView.m in Sources */ = {isa = PBXBuildFile; fileRef = D60BC5E81FD2B4FF001A6913 /* CollectDaiKuanView.m */; };
		D60BC5EB1FD2B510001A6913 /* CollectDaiKuanView.xib in Resources */ = {isa = PBXBuildFile; fileRef = D60BC5EA1FD2B510001A6913 /* CollectDaiKuanView.xib */; };
		D60BC5EE1FD2B55D001A6913 /* CollectCardView.m in Sources */ = {isa = PBXBuildFile; fileRef = D60BC5ED1FD2B55D001A6913 /* CollectCardView.m */; };
		D60BC5F01FD2B56B001A6913 /* CollectCardView.xib in Resources */ = {isa = PBXBuildFile; fileRef = D60BC5EF1FD2B56B001A6913 /* CollectCardView.xib */; };
		D60BC5F31FD2BCE4001A6913 /* CollectRequest.m in Sources */ = {isa = PBXBuildFile; fileRef = D60BC5F21FD2BCE4001A6913 /* CollectRequest.m */; };
		D60BC5F71FD2C0AD001A6913 /* WebViewController.m in Sources */ = {isa = PBXBuildFile; fileRef = D60BC5F51FD2C0AD001A6913 /* WebViewController.m */; };
		D60BC5F81FD2C0AD001A6913 /* WebViewController.xib in Resources */ = {isa = PBXBuildFile; fileRef = D60BC5F61FD2C0AD001A6913 /* WebViewController.xib */; };
		D60BC5FB1FD2CAD3001A6913 /* CustomButton.m in Sources */ = {isa = PBXBuildFile; fileRef = D60BC5FA1FD2CAD3001A6913 /* CustomButton.m */; };
		D60BC5FE1FD3DDF9001A6913 /* LoanCollectList.m in Sources */ = {isa = PBXBuildFile; fileRef = D60BC5FD1FD3DDF9001A6913 /* LoanCollectList.m */; };
		D60BC6011FD3DE39001A6913 /* CardCollectList.m in Sources */ = {isa = PBXBuildFile; fileRef = D60BC6001FD3DE39001A6913 /* CardCollectList.m */; };
		D60BC6041FD40A67001A6913 /* TongjiRequest.m in Sources */ = {isa = PBXBuildFile; fileRef = D60BC6031FD40A67001A6913 /* TongjiRequest.m */; };
		D61600021FCC497D008E3FF9 /* DaiDetailProductCell.m in Sources */ = {isa = PBXBuildFile; fileRef = D61600001FCC497D008E3FF9 /* DaiDetailProductCell.m */; };
		D61600031FCC497D008E3FF9 /* DaiDetailProductCell.xib in Resources */ = {isa = PBXBuildFile; fileRef = D61600011FCC497D008E3FF9 /* DaiDetailProductCell.xib */; };
		D61600071FCC4ACF008E3FF9 /* DaiDetailInfoCell.m in Sources */ = {isa = PBXBuildFile; fileRef = D61600051FCC4ACF008E3FF9 /* DaiDetailInfoCell.m */; };
		D61600081FCC4ACF008E3FF9 /* DaiDetailInfoCell.xib in Resources */ = {isa = PBXBuildFile; fileRef = D61600061FCC4ACF008E3FF9 /* DaiDetailInfoCell.xib */; };
		D616000C1FCC4E02008E3FF9 /* DaiDetailJiSuanCell.m in Sources */ = {isa = PBXBuildFile; fileRef = D616000A1FCC4E02008E3FF9 /* DaiDetailJiSuanCell.m */; };
		D616000D1FCC4E02008E3FF9 /* DaiDetailJiSuanCell.xib in Resources */ = {isa = PBXBuildFile; fileRef = D616000B1FCC4E02008E3FF9 /* DaiDetailJiSuanCell.xib */; };
		D61600111FCC5369008E3FF9 /* DaiDetailConditionCell.m in Sources */ = {isa = PBXBuildFile; fileRef = D616000F1FCC5369008E3FF9 /* DaiDetailConditionCell.m */; };
		D61600121FCC5369008E3FF9 /* DaiDetailConditionCell.xib in Resources */ = {isa = PBXBuildFile; fileRef = D61600101FCC5369008E3FF9 /* DaiDetailConditionCell.xib */; };
		D61600151FCC5CB8008E3FF9 /* DaiDetailModel.m in Sources */ = {isa = PBXBuildFile; fileRef = D61600141FCC5CB8008E3FF9 /* DaiDetailModel.m */; };
		D61F47651FD0674D006FAD27 /* ForgetResetPwdRequest.m in Sources */ = {isa = PBXBuildFile; fileRef = D61F47641FD0674D006FAD27 /* ForgetResetPwdRequest.m */; };
		D61F47681FD06B2B006FAD27 /* ReloginRequest.m in Sources */ = {isa = PBXBuildFile; fileRef = D61F47671FD06B2B006FAD27 /* ReloginRequest.m */; };
		D6215DA41FBE81E10090FE80 /* AppDelegate.m in Sources */ = {isa = PBXBuildFile; fileRef = D6215DA01FBE81E10090FE80 /* AppDelegate.m */; };
		D6215DAD1FBE82310090FE80 /* Assets.xcassets in Resources */ = {isa = PBXBuildFile; fileRef = D6215DA61FBE82300090FE80 /* Assets.xcassets */; };
		D6215DAE1FBE82310090FE80 /* LaunchScreen.storyboard in Resources */ = {isa = PBXBuildFile; fileRef = D6215DA71FBE82300090FE80 /* LaunchScreen.storyboard */; };
		D6215DAF1FBE82310090FE80 /* Main.storyboard in Resources */ = {isa = PBXBuildFile; fileRef = D6215DA91FBE82300090FE80 /* Main.storyboard */; };
		D6215DB01FBE82310090FE80 /* Info.plist in Resources */ = {isa = PBXBuildFile; fileRef = D6215DAB1FBE82300090FE80 /* Info.plist */; };
		D6215DB11FBE82310090FE80 /* main.m in Sources */ = {isa = PBXBuildFile; fileRef = D6215DAC1FBE82300090FE80 /* main.m */; };
		D6215DB51FBE84F50090FE80 /* ZSTabBarItem.m in Sources */ = {isa = PBXBuildFile; fileRef = D6215DB41FBE84F50090FE80 /* ZSTabBarItem.m */; };
		D6215DB81FBE85250090FE80 /* ZSTabBarItemModel.m in Sources */ = {isa = PBXBuildFile; fileRef = D6215DB71FBE85250090FE80 /* ZSTabBarItemModel.m */; };
		D6215DBC1FBE86B30090FE80 /* ZSTabBarViewController.m in Sources */ = {isa = PBXBuildFile; fileRef = D6215DBA1FBE86B30090FE80 /* ZSTabBarViewController.m */; };
		D6215DBD1FBE86B30090FE80 /* ZSTabBarViewController.xib in Resources */ = {isa = PBXBuildFile; fileRef = D6215DBB1FBE86B30090FE80 /* ZSTabBarViewController.xib */; };
		D6215DC41FBEB6340090FE80 /* UIColor+Addtions.m in Sources */ = {isa = PBXBuildFile; fileRef = D6215DC31FBEB6340090FE80 /* UIColor+Addtions.m */; };
		D6215DC91FBEB8BC0090FE80 /* ZSHomeViewController.m in Sources */ = {isa = PBXBuildFile; fileRef = D6215DC71FBEB8BC0090FE80 /* ZSHomeViewController.m */; };
		D6215DCA1FBEB8BC0090FE80 /* ZSHomeViewController.xib in Resources */ = {isa = PBXBuildFile; fileRef = D6215DC81FBEB8BC0090FE80 /* ZSHomeViewController.xib */; };
		D6215DD31FBEB92A0090FE80 /* ZSNewsViewController.m in Sources */ = {isa = PBXBuildFile; fileRef = D6215DD11FBEB92A0090FE80 /* ZSNewsViewController.m */; };
		D6215DD41FBEB92A0090FE80 /* ZSNewsViewController.xib in Resources */ = {isa = PBXBuildFile; fileRef = D6215DD21FBEB92A0090FE80 /* ZSNewsViewController.xib */; };
		D62CCDEA1FCBA4BF00EDD2D1 /* CardBankModel.m in Sources */ = {isa = PBXBuildFile; fileRef = D62CCDE91FCBA4BF00EDD2D1 /* CardBankModel.m */; };
		D637E8D51FC2822600D68410 /* CycleScrollView.m in Sources */ = {isa = PBXBuildFile; fileRef = D637E8D41FC2822600D68410 /* CycleScrollView.m */; };
		D637E8D81FC2835100D68410 /* UIView+LayoutFrame.m in Sources */ = {isa = PBXBuildFile; fileRef = D637E8D71FC2835100D68410 /* UIView+LayoutFrame.m */; };
		D637E8E71FC40B5800D68410 /* HomeRequest.m in Sources */ = {isa = PBXBuildFile; fileRef = D637E8E61FC40B5800D68410 /* HomeRequest.m */; };
		D637E8EA1FC50D7400D68410 /* BannerModel.m in Sources */ = {isa = PBXBuildFile; fileRef = D637E8E91FC50D7400D68410 /* BannerModel.m */; };
		D637E8F11FC515DD00D68410 /* HomeTangDouTableViewCell.m in Sources */ = {isa = PBXBuildFile; fileRef = D637E8EF1FC515DD00D68410 /* HomeTangDouTableViewCell.m */; };
		D637E8F21FC515DD00D68410 /* HomeTangDouTableViewCell.xib in Resources */ = {isa = PBXBuildFile; fileRef = D637E8F01FC515DD00D68410 /* HomeTangDouTableViewCell.xib */; };
		D637E8FA1FC5778E00D68410 /* HotDaiKuanRequest.m in Sources */ = {isa = PBXBuildFile; fileRef = D637E8F91FC5778E00D68410 /* HotDaiKuanRequest.m */; };
		D637E8FD1FC577AC00D68410 /* HotXinYongRequest.m in Sources */ = {isa = PBXBuildFile; fileRef = D637E8FC1FC577AC00D68410 /* HotXinYongRequest.m */; };
		D637E9001FC582AC00D68410 /* DaiKuanModel.m in Sources */ = {isa = PBXBuildFile; fileRef = D637E8FF1FC582AC00D68410 /* DaiKuanModel.m */; };
		D637E9031FC5847B00D68410 /* HomeCardModel.m in Sources */ = {isa = PBXBuildFile; fileRef = D637E9021FC5847B00D68410 /* HomeCardModel.m */; };
		D637E9071FC588CF00D68410 /* DaiKuanTableViewCell.m in Sources */ = {isa = PBXBuildFile; fileRef = D637E9051FC588CF00D68410 /* DaiKuanTableViewCell.m */; };
		D637E9081FC588CF00D68410 /* DaiKuanTableViewCell.xib in Resources */ = {isa = PBXBuildFile; fileRef = D637E9061FC588CF00D68410 /* DaiKuanTableViewCell.xib */; };
		D637E90C1FC588DD00D68410 /* HomeCardTableViewCell.m in Sources */ = {isa = PBXBuildFile; fileRef = D637E90A1FC588DD00D68410 /* HomeCardTableViewCell.m */; };
		D637E90D1FC588DD00D68410 /* HomeCardTableViewCell.xib in Resources */ = {isa = PBXBuildFile; fileRef = D637E90B1FC588DD00D68410 /* HomeCardTableViewCell.xib */; };
		D637E9101FC65F2000D68410 /* MBProgressHUD+ZSS.m in Sources */ = {isa = PBXBuildFile; fileRef = D637E90F1FC65F2000D68410 /* MBProgressHUD+ZSS.m */; };
		D637E9121FC6603000D68410 /* SVProgressHUD.bundle in Resources */ = {isa = PBXBuildFile; fileRef = D637E9111FC6602F00D68410 /* SVProgressHUD.bundle */; };
		D637E9161FC6683100D68410 /* ZSDaiKuanListViewController.m in Sources */ = {isa = PBXBuildFile; fileRef = D637E9141FC6683100D68410 /* ZSDaiKuanListViewController.m */; };
		D637E9171FC6683100D68410 /* ZSDaiKuanListViewController.xib in Resources */ = {isa = PBXBuildFile; fileRef = D637E9151FC6683100D68410 /* ZSDaiKuanListViewController.xib */; };
		D6AE1F121FCEFD8600D45553 /* RegistYanZheng.m in Sources */ = {isa = PBXBuildFile; fileRef = D6AE1F111FCEFD8600D45553 /* RegistYanZheng.m */; };
		D6AE1F151FCF050200D45553 /* RegistFooterView.m in Sources */ = {isa = PBXBuildFile; fileRef = D6AE1F141FCF050200D45553 /* RegistFooterView.m */; };
		D6AE1F171FCF054700D45553 /* RegistFooterView.xib in Resources */ = {isa = PBXBuildFile; fileRef = D6AE1F161FCF054700D45553 /* RegistFooterView.xib */; };
		D6AE1F1A1FCF0A2900D45553 /* RegistRequest.m in Sources */ = {isa = PBXBuildFile; fileRef = D6AE1F191FCF0A2900D45553 /* RegistRequest.m */; };
		D6AE1F1D1FCF108F00D45553 /* PasswordLoginView.m in Sources */ = {isa = PBXBuildFile; fileRef = D6AE1F1C1FCF108F00D45553 /* PasswordLoginView.m */; };
		D6AE1F1F1FCF10A100D45553 /* PasswordLoginView.xib in Resources */ = {isa = PBXBuildFile; fileRef = D6AE1F1E1FCF10A100D45553 /* PasswordLoginView.xib */; };
		D6AE1F221FCF1D8000D45553 /* LoginRequest.m in Sources */ = {isa = PBXBuildFile; fileRef = D6AE1F211FCF1D8000D45553 /* LoginRequest.m */; };
		D6AE1F251FCF1E8300D45553 /* YanZhengLoginView.m in Sources */ = {isa = PBXBuildFile; fileRef = D6AE1F241FCF1E8300D45553 /* YanZhengLoginView.m */; };
		D6AE1F271FCF1E9A00D45553 /* YanZhengLoginView.xib in Resources */ = {isa = PBXBuildFile; fileRef = D6AE1F261FCF1E9A00D45553 /* YanZhengLoginView.xib */; };
		D6B7AC791FD12AA300FCBEAD /* ZSInfoListViewController.m in Sources */ = {isa = PBXBuildFile; fileRef = D6B7AC771FD12AA300FCBEAD /* ZSInfoListViewController.m */; };
		D6B7AC7A1FD12AA300FCBEAD /* ZSInfoListViewController.xib in Resources */ = {isa = PBXBuildFile; fileRef = D6B7AC781FD12AA300FCBEAD /* ZSInfoListViewController.xib */; };
		D6B7AC7D1FD12B7000FCBEAD /* InfoList.m in Sources */ = {isa = PBXBuildFile; fileRef = D6B7AC7C1FD12B7000FCBEAD /* InfoList.m */; };
		D6B7AC811FD12CF300FCBEAD /* InfoDetailViewController.m in Sources */ = {isa = PBXBuildFile; fileRef = D6B7AC7F1FD12CF300FCBEAD /* InfoDetailViewController.m */; };
		D6B7AC821FD12CF300FCBEAD /* InfoDetailViewController.xib in Resources */ = {isa = PBXBuildFile; fileRef = D6B7AC801FD12CF300FCBEAD /* InfoDetailViewController.xib */; };
		D6B7AC851FD132C800FCBEAD /* NSString+Addtion.m in Sources */ = {isa = PBXBuildFile; fileRef = D6B7AC841FD132C800FCBEAD /* NSString+Addtion.m */; };
		D6C178581FC6A7D700BD1199 /* ZSSegmentView.m in Sources */ = {isa = PBXBuildFile; fileRef = D6C178571FC6A7D700BD1199 /* ZSSegmentView.m */; };
		D6C1785A1FC6A7E900BD1199 /* ZSSegmentView.xib in Resources */ = {isa = PBXBuildFile; fileRef = D6C178591FC6A7E900BD1199 /* ZSSegmentView.xib */; };
		D6C1785D1FC6CA5000BD1199 /* DaiKuanListRequest.m in Sources */ = {isa = PBXBuildFile; fileRef = D6C1785C1FC6CA5000BD1199 /* DaiKuanListRequest.m */; };
		D6C178651FC6F16900BD1199 /* LoanMoneyModel.m in Sources */ = {isa = PBXBuildFile; fileRef = D6C178641FC6F16900BD1199 /* LoanMoneyModel.m */; };
		D6C1786B1FC817EA00BD1199 /* ZSCreditCardRequest.m in Sources */ = {isa = PBXBuildFile; fileRef = D6C1786A1FC817EA00BD1199 /* ZSCreditCardRequest.m */; };
		D6C1786F1FC819A400BD1199 /* ZDDaiKuanDetailViewController.m in Sources */ = {isa = PBXBuildFile; fileRef = D6C1786D1FC819A400BD1199 /* ZDDaiKuanDetailViewController.m */; };
		D6C178701FC819A400BD1199 /* ZDDaiKuanDetailViewController.xib in Resources */ = {isa = PBXBuildFile; fileRef = D6C1786E1FC819A400BD1199 /* ZDDaiKuanDetailViewController.xib */; };
		D6C178741FC819C500BD1199 /* ZSCardDetailViewController.m in Sources */ = {isa = PBXBuildFile; fileRef = D6C178721FC819C500BD1199 /* ZSCardDetailViewController.m */; };
		D6C178751FC819C500BD1199 /* ZSCardDetailViewController.xib in Resources */ = {isa = PBXBuildFile; fileRef = D6C178731FC819C500BD1199 /* ZSCardDetailViewController.xib */; };
		D6C178781FC819E100BD1199 /* CardDetailRequest.m in Sources */ = {isa = PBXBuildFile; fileRef = D6C178771FC819E100BD1199 /* CardDetailRequest.m */; };
		D6C1787B1FC819F400BD1199 /* DaiKuanDetailRequest.m in Sources */ = {isa = PBXBuildFile; fileRef = D6C1787A1FC819F400BD1199 /* DaiKuanDetailRequest.m */; };
		D6CF52C31FCD9E4000524EEB /* ZSUntils.m in Sources */ = {isa = PBXBuildFile; fileRef = D6CF52C21FCD9E4000524EEB /* ZSUntils.m */; };
		D6CF52D81FCDB2BE00524EEB /* MyAppHeaderView.m in Sources */ = {isa = PBXBuildFile; fileRef = D6CF52D71FCDB2BE00524EEB /* MyAppHeaderView.m */; };
		D6CF52DA1FCDB2CF00524EEB /* MyAppHeaderView.xib in Resources */ = {isa = PBXBuildFile; fileRef = D6CF52D91FCDB2CF00524EEB /* MyAppHeaderView.xib */; };
		D6CF52DE1FCDB6B900524EEB /* MyAppViewController.m in Sources */ = {isa = PBXBuildFile; fileRef = D6CF52DC1FCDB6B900524EEB /* MyAppViewController.m */; };
		D6CF52DF1FCDB6B900524EEB /* MyAppViewController.xib in Resources */ = {isa = PBXBuildFile; fileRef = D6CF52DD1FCDB6B900524EEB /* MyAppViewController.xib */; };
		D6CF52E31FCDB7A700524EEB /* ZSLoginViewController.m in Sources */ = {isa = PBXBuildFile; fileRef = D6CF52E11FCDB7A700524EEB /* ZSLoginViewController.m */; };
		D6CF52E41FCDB7A700524EEB /* ZSLoginViewController.xib in Resources */ = {isa = PBXBuildFile; fileRef = D6CF52E21FCDB7A700524EEB /* ZSLoginViewController.xib */; };
		D6CF52EC1FCDBC9400524EEB /* MyAppFooterView.m in Sources */ = {isa = PBXBuildFile; fileRef = D6CF52EB1FCDBC9400524EEB /* MyAppFooterView.m */; };
		D6CF52EE1FCDBCA400524EEB /* MyAppFooterView.xib in Resources */ = {isa = PBXBuildFile; fileRef = D6CF52ED1FCDBCA400524EEB /* MyAppFooterView.xib */; };
		D6CF52F21FCDBF2A00524EEB /* RegistViewController.m in Sources */ = {isa = PBXBuildFile; fileRef = D6CF52F01FCDBF2A00524EEB /* RegistViewController.m */; };
		D6CF52F31FCDBF2A00524EEB /* RegistViewController.xib in Resources */ = {isa = PBXBuildFile; fileRef = D6CF52F11FCDBF2A00524EEB /* RegistViewController.xib */; };
		D6CF52F71FCDC37000524EEB /* RegistCell.m in Sources */ = {isa = PBXBuildFile; fileRef = D6CF52F51FCDC37000524EEB /* RegistCell.m */; };
		D6CF52F81FCDC37000524EEB /* RegistCell.xib in Resources */ = {isa = PBXBuildFile; fileRef = D6CF52F61FCDC37000524EEB /* RegistCell.xib */; };
		D6CF52FC1FCDC5DE00524EEB /* RegistYanZhengCell.m in Sources */ = {isa = PBXBuildFile; fileRef = D6CF52FA1FCDC5DE00524EEB /* RegistYanZhengCell.m */; };
		D6CF52FD1FCDC5DE00524EEB /* RegistYanZhengCell.xib in Resources */ = {isa = PBXBuildFile; fileRef = D6CF52FB1FCDC5DE00524EEB /* RegistYanZhengCell.xib */; };
		D6DA82C31FC840A20058FCC3 /* UIViewController+ButtonBarItem.m in Sources */ = {isa = PBXBuildFile; fileRef = D6DA82C21FC840A20058FCC3 /* UIViewController+ButtonBarItem.m */; };
		D6EF057C1FD054AC00C5C576 /* ResetPwdViewController.m in Sources */ = {isa = PBXBuildFile; fileRef = D6EF057A1FD054AC00C5C576 /* ResetPwdViewController.m */; };
		D6EF057D1FD054AC00C5C576 /* ResetPwdViewController.xib in Resources */ = {isa = PBXBuildFile; fileRef = D6EF057B1FD054AC00C5C576 /* ResetPwdViewController.xib */; };
		D6EF05811FD05B2100C5C576 /* ResetViewController.m in Sources */ = {isa = PBXBuildFile; fileRef = D6EF057F1FD05B2100C5C576 /* ResetViewController.m */; };
		D6EF05821FD05B2100C5C576 /* ResetViewController.xib in Resources */ = {isa = PBXBuildFile; fileRef = D6EF05801FD05B2100C5C576 /* ResetViewController.xib */; };
		D6FF788A1FCD057A00A61D3F /* CardDetailModel.m in Sources */ = {isa = PBXBuildFile; fileRef = D6FF78891FCD057A00A61D3F /* CardDetailModel.m */; };
		D6FF788E1FCD09A800A61D3F /* DetailTwoCell.m in Sources */ = {isa = PBXBuildFile; fileRef = D6FF788C1FCD09A800A61D3F /* DetailTwoCell.m */; };
		D6FF788F1FCD09A800A61D3F /* DetailTwoCell.xib in Resources */ = {isa = PBXBuildFile; fileRef = D6FF788D1FCD09A800A61D3F /* DetailTwoCell.xib */; };
		D6FF78931FCD09B900A61D3F /* CardDetailThreeCell.m in Sources */ = {isa = PBXBuildFile; fileRef = D6FF78911FCD09B900A61D3F /* CardDetailThreeCell.m */; };
		D6FF78941FCD09B900A61D3F /* CardDetailThreeCell.xib in Resources */ = {isa = PBXBuildFile; fileRef = D6FF78921FCD09B900A61D3F /* CardDetailThreeCell.xib */; };
		D6FF78981FCD09CA00A61D3F /* CardDetailFourCell.m in Sources */ = {isa = PBXBuildFile; fileRef = D6FF78961FCD09CA00A61D3F /* CardDetailFourCell.m */; };
		D6FF78991FCD09CA00A61D3F /* CardDetailFourCell.xib in Resources */ = {isa = PBXBuildFile; fileRef = D6FF78971FCD09CA00A61D3F /* CardDetailFourCell.xib */; };
/* End PBXBuildFile section */

/* Begin PBXFileReference section */
		0C6ABC434D53A18BA2F7E352 /* Pods-QianChengApp.release.xcconfig */ = {isa = PBXFileReference; includeInIndex = 1; lastKnownFileType = text.xcconfig; name = "Pods-QianChengApp.release.xcconfig"; path = "Pods/Target Support Files/Pods-QianChengApp/Pods-QianChengApp.release.xcconfig"; sourceTree = "<group>"; };
		75648AE3F7E99A7D77994D84 /* libPods-QianChengApp.a */ = {isa = PBXFileReference; explicitFileType = archive.ar; includeInIndex = 0; path = "libPods-QianChengApp.a"; sourceTree = BUILT_PRODUCTS_DIR; };
		9BD0896958AAECCDB0E92024 /* Pods-QianChengApp.debug.xcconfig */ = {isa = PBXFileReference; includeInIndex = 1; lastKnownFileType = text.xcconfig; name = "Pods-QianChengApp.debug.xcconfig"; path = "Pods/Target Support Files/Pods-QianChengApp/Pods-QianChengApp.debug.xcconfig"; sourceTree = "<group>"; };
		D60BC5CC1FD187F9001A6913 /* InfoListModel.h */ = {isa = PBXFileReference; lastKnownFileType = sourcecode.c.h; path = InfoListModel.h; sourceTree = "<group>"; };
		D60BC5CD1FD187F9001A6913 /* InfoListModel.m */ = {isa = PBXFileReference; lastKnownFileType = sourcecode.c.objc; path = InfoListModel.m; sourceTree = "<group>"; };
		D60BC5CF1FD18A17001A6913 /* InfoDetailRequest.h */ = {isa = PBXFileReference; lastKnownFileType = sourcecode.c.h; path = InfoDetailRequest.h; sourceTree = "<group>"; };
		D60BC5D01FD18A17001A6913 /* InfoDetailRequest.m */ = {isa = PBXFileReference; lastKnownFileType = sourcecode.c.objc; path = InfoDetailRequest.m; sourceTree = "<group>"; };
		D60BC5D21FD18AD8001A6913 /* InfoDetailModel.h */ = {isa = PBXFileReference; lastKnownFileType = sourcecode.c.h; path = InfoDetailModel.h; sourceTree = "<group>"; };
		D60BC5D31FD18AD8001A6913 /* InfoDetailModel.m */ = {isa = PBXFileReference; lastKnownFileType = sourcecode.c.objc; path = InfoDetailModel.m; sourceTree = "<group>"; };
		D60BC5D51FD19821001A6913 /* MyAppTableViewCell.h */ = {isa = PBXFileReference; lastKnownFileType = sourcecode.c.h; path = MyAppTableViewCell.h; sourceTree = "<group>"; };
		D60BC5D61FD19821001A6913 /* MyAppTableViewCell.m */ = {isa = PBXFileReference; lastKnownFileType = sourcecode.c.objc; path = MyAppTableViewCell.m; sourceTree = "<group>"; };
		D60BC5D71FD19821001A6913 /* MyAppTableViewCell.xib */ = {isa = PBXFileReference; lastKnownFileType = file.xib; path = MyAppTableViewCell.xib; sourceTree = "<group>"; };
		D60BC5DD1FD19C37001A6913 /* AboutViewController.h */ = {isa = PBXFileReference; lastKnownFileType = sourcecode.c.h; path = AboutViewController.h; sourceTree = "<group>"; };
		D60BC5DE1FD19C37001A6913 /* AboutViewController.m */ = {isa = PBXFileReference; lastKnownFileType = sourcecode.c.objc; path = AboutViewController.m; sourceTree = "<group>"; };
		D60BC5DF1FD19C37001A6913 /* AboutViewController.xib */ = {isa = PBXFileReference; lastKnownFileType = file.xib; path = AboutViewController.xib; sourceTree = "<group>"; };
		D60BC5E21FD19D44001A6913 /* MyCollectViewController.h */ = {isa = PBXFileReference; lastKnownFileType = sourcecode.c.h; path = MyCollectViewController.h; sourceTree = "<group>"; };
		D60BC5E31FD19D44001A6913 /* MyCollectViewController.m */ = {isa = PBXFileReference; lastKnownFileType = sourcecode.c.objc; path = MyCollectViewController.m; sourceTree = "<group>"; };
		D60BC5E41FD19D44001A6913 /* MyCollectViewController.xib */ = {isa = PBXFileReference; lastKnownFileType = file.xib; path = MyCollectViewController.xib; sourceTree = "<group>"; };
		D60BC5E71FD2B4FF001A6913 /* CollectDaiKuanView.h */ = {isa = PBXFileReference; lastKnownFileType = sourcecode.c.h; path = CollectDaiKuanView.h; sourceTree = "<group>"; };
		D60BC5E81FD2B4FF001A6913 /* CollectDaiKuanView.m */ = {isa = PBXFileReference; lastKnownFileType = sourcecode.c.objc; path = CollectDaiKuanView.m; sourceTree = "<group>"; };
		D60BC5EA1FD2B510001A6913 /* CollectDaiKuanView.xib */ = {isa = PBXFileReference; lastKnownFileType = file.xib; path = CollectDaiKuanView.xib; sourceTree = "<group>"; };
		D60BC5EC1FD2B55D001A6913 /* CollectCardView.h */ = {isa = PBXFileReference; lastKnownFileType = sourcecode.c.h; path = CollectCardView.h; sourceTree = "<group>"; };
		D60BC5ED1FD2B55D001A6913 /* CollectCardView.m */ = {isa = PBXFileReference; lastKnownFileType = sourcecode.c.objc; path = CollectCardView.m; sourceTree = "<group>"; };
		D60BC5EF1FD2B56B001A6913 /* CollectCardView.xib */ = {isa = PBXFileReference; lastKnownFileType = file.xib; path = CollectCardView.xib; sourceTree = "<group>"; };
		D60BC5F11FD2BCE4001A6913 /* CollectRequest.h */ = {isa = PBXFileReference; lastKnownFileType = sourcecode.c.h; path = CollectRequest.h; sourceTree = "<group>"; };
		D60BC5F21FD2BCE4001A6913 /* CollectRequest.m */ = {isa = PBXFileReference; lastKnownFileType = sourcecode.c.objc; path = CollectRequest.m; sourceTree = "<group>"; };
		D60BC5F41FD2C0AD001A6913 /* WebViewController.h */ = {isa = PBXFileReference; lastKnownFileType = sourcecode.c.h; path = WebViewController.h; sourceTree = "<group>"; };
		D60BC5F51FD2C0AD001A6913 /* WebViewController.m */ = {isa = PBXFileReference; lastKnownFileType = sourcecode.c.objc; path = WebViewController.m; sourceTree = "<group>"; };
		D60BC5F61FD2C0AD001A6913 /* WebViewController.xib */ = {isa = PBXFileReference; lastKnownFileType = file.xib; path = WebViewController.xib; sourceTree = "<group>"; };
		D60BC5F91FD2CAD3001A6913 /* CustomButton.h */ = {isa = PBXFileReference; lastKnownFileType = sourcecode.c.h; path = CustomButton.h; sourceTree = "<group>"; };
		D60BC5FA1FD2CAD3001A6913 /* CustomButton.m */ = {isa = PBXFileReference; lastKnownFileType = sourcecode.c.objc; path = CustomButton.m; sourceTree = "<group>"; };
		D60BC5FC1FD3DDF9001A6913 /* LoanCollectList.h */ = {isa = PBXFileReference; lastKnownFileType = sourcecode.c.h; path = LoanCollectList.h; sourceTree = "<group>"; };
		D60BC5FD1FD3DDF9001A6913 /* LoanCollectList.m */ = {isa = PBXFileReference; lastKnownFileType = sourcecode.c.objc; path = LoanCollectList.m; sourceTree = "<group>"; };
		D60BC5FF1FD3DE39001A6913 /* CardCollectList.h */ = {isa = PBXFileReference; lastKnownFileType = sourcecode.c.h; path = CardCollectList.h; sourceTree = "<group>"; };
		D60BC6001FD3DE39001A6913 /* CardCollectList.m */ = {isa = PBXFileReference; lastKnownFileType = sourcecode.c.objc; path = CardCollectList.m; sourceTree = "<group>"; };
		D60BC6021FD40A67001A6913 /* TongjiRequest.h */ = {isa = PBXFileReference; lastKnownFileType = sourcecode.c.h; path = TongjiRequest.h; sourceTree = "<group>"; };
		D60BC6031FD40A67001A6913 /* TongjiRequest.m */ = {isa = PBXFileReference; lastKnownFileType = sourcecode.c.objc; path = TongjiRequest.m; sourceTree = "<group>"; };
		D61600001FCC497D008E3FF9 /* DaiDetailProductCell.m */ = {isa = PBXFileReference; lastKnownFileType = sourcecode.c.objc; path = DaiDetailProductCell.m; sourceTree = "<group>"; };
		D61600011FCC497D008E3FF9 /* DaiDetailProductCell.xib */ = {isa = PBXFileReference; lastKnownFileType = file.xib; path = DaiDetailProductCell.xib; sourceTree = "<group>"; };
		D61600041FCC4ACF008E3FF9 /* DaiDetailInfoCell.h */ = {isa = PBXFileReference; lastKnownFileType = sourcecode.c.h; path = DaiDetailInfoCell.h; sourceTree = "<group>"; };
		D61600051FCC4ACF008E3FF9 /* DaiDetailInfoCell.m */ = {isa = PBXFileReference; lastKnownFileType = sourcecode.c.objc; path = DaiDetailInfoCell.m; sourceTree = "<group>"; };
		D61600061FCC4ACF008E3FF9 /* DaiDetailInfoCell.xib */ = {isa = PBXFileReference; lastKnownFileType = file.xib; path = DaiDetailInfoCell.xib; sourceTree = "<group>"; };
		D61600091FCC4E02008E3FF9 /* DaiDetailJiSuanCell.h */ = {isa = PBXFileReference; lastKnownFileType = sourcecode.c.h; path = DaiDetailJiSuanCell.h; sourceTree = "<group>"; };
		D616000A1FCC4E02008E3FF9 /* DaiDetailJiSuanCell.m */ = {isa = PBXFileReference; lastKnownFileType = sourcecode.c.objc; path = DaiDetailJiSuanCell.m; sourceTree = "<group>"; };
		D616000B1FCC4E02008E3FF9 /* DaiDetailJiSuanCell.xib */ = {isa = PBXFileReference; lastKnownFileType = file.xib; path = DaiDetailJiSuanCell.xib; sourceTree = "<group>"; };
		D616000E1FCC5369008E3FF9 /* DaiDetailConditionCell.h */ = {isa = PBXFileReference; lastKnownFileType = sourcecode.c.h; path = DaiDetailConditionCell.h; sourceTree = "<group>"; };
		D616000F1FCC5369008E3FF9 /* DaiDetailConditionCell.m */ = {isa = PBXFileReference; lastKnownFileType = sourcecode.c.objc; path = DaiDetailConditionCell.m; sourceTree = "<group>"; };
		D61600101FCC5369008E3FF9 /* DaiDetailConditionCell.xib */ = {isa = PBXFileReference; lastKnownFileType = file.xib; path = DaiDetailConditionCell.xib; sourceTree = "<group>"; };
		D61600131FCC5CB8008E3FF9 /* DaiDetailModel.h */ = {isa = PBXFileReference; lastKnownFileType = sourcecode.c.h; path = DaiDetailModel.h; sourceTree = "<group>"; };
		D61600141FCC5CB8008E3FF9 /* DaiDetailModel.m */ = {isa = PBXFileReference; lastKnownFileType = sourcecode.c.objc; path = DaiDetailModel.m; sourceTree = "<group>"; };
		D616FFFF1FCC497D008E3FF9 /* DaiDetailProductCell.h */ = {isa = PBXFileReference; lastKnownFileType = sourcecode.c.h; path = DaiDetailProductCell.h; sourceTree = "<group>"; };
		D61F47631FD0674D006FAD27 /* ForgetResetPwdRequest.h */ = {isa = PBXFileReference; lastKnownFileType = sourcecode.c.h; path = ForgetResetPwdRequest.h; sourceTree = "<group>"; };
		D61F47641FD0674D006FAD27 /* ForgetResetPwdRequest.m */ = {isa = PBXFileReference; lastKnownFileType = sourcecode.c.objc; path = ForgetResetPwdRequest.m; sourceTree = "<group>"; };
		D61F47661FD06B2B006FAD27 /* ReloginRequest.h */ = {isa = PBXFileReference; lastKnownFileType = sourcecode.c.h; path = ReloginRequest.h; sourceTree = "<group>"; };
		D61F47671FD06B2B006FAD27 /* ReloginRequest.m */ = {isa = PBXFileReference; lastKnownFileType = sourcecode.c.objc; path = ReloginRequest.m; sourceTree = "<group>"; };
		D6215D841FBE80DB0090FE80 /* QianChengApp.app */ = {isa = PBXFileReference; explicitFileType = wrapper.application; includeInIndex = 0; path = QianChengApp.app; sourceTree = BUILT_PRODUCTS_DIR; };
		D6215D9F1FBE81E10090FE80 /* AppDelegate.h */ = {isa = PBXFileReference; fileEncoding = 4; lastKnownFileType = sourcecode.c.h; path = AppDelegate.h; sourceTree = "<group>"; };
		D6215DA01FBE81E10090FE80 /* AppDelegate.m */ = {isa = PBXFileReference; fileEncoding = 4; lastKnownFileType = sourcecode.c.objc; path = AppDelegate.m; sourceTree = "<group>"; };
		D6215DA61FBE82300090FE80 /* Assets.xcassets */ = {isa = PBXFileReference; lastKnownFileType = folder.assetcatalog; path = Assets.xcassets; sourceTree = "<group>"; };
		D6215DA81FBE82300090FE80 /* Base */ = {isa = PBXFileReference; lastKnownFileType = file.storyboard; name = Base; path = Base.lproj/LaunchScreen.storyboard; sourceTree = "<group>"; };
		D6215DAA1FBE82300090FE80 /* Base */ = {isa = PBXFileReference; lastKnownFileType = file.storyboard; name = Base; path = Base.lproj/Main.storyboard; sourceTree = "<group>"; };
		D6215DAB1FBE82300090FE80 /* Info.plist */ = {isa = PBXFileReference; fileEncoding = 4; lastKnownFileType = text.plist.xml; path = Info.plist; sourceTree = "<group>"; };
		D6215DAC1FBE82300090FE80 /* main.m */ = {isa = PBXFileReference; fileEncoding = 4; lastKnownFileType = sourcecode.c.objc; path = main.m; sourceTree = "<group>"; };
		D6215DB31FBE84F50090FE80 /* ZSTabBarItem.h */ = {isa = PBXFileReference; lastKnownFileType = sourcecode.c.h; path = ZSTabBarItem.h; sourceTree = "<group>"; };
		D6215DB41FBE84F50090FE80 /* ZSTabBarItem.m */ = {isa = PBXFileReference; lastKnownFileType = sourcecode.c.objc; path = ZSTabBarItem.m; sourceTree = "<group>"; };
		D6215DB61FBE85250090FE80 /* ZSTabBarItemModel.h */ = {isa = PBXFileReference; lastKnownFileType = sourcecode.c.h; path = ZSTabBarItemModel.h; sourceTree = "<group>"; };
		D6215DB71FBE85250090FE80 /* ZSTabBarItemModel.m */ = {isa = PBXFileReference; lastKnownFileType = sourcecode.c.objc; path = ZSTabBarItemModel.m; sourceTree = "<group>"; };
		D6215DB91FBE86B30090FE80 /* ZSTabBarViewController.h */ = {isa = PBXFileReference; lastKnownFileType = sourcecode.c.h; path = ZSTabBarViewController.h; sourceTree = "<group>"; };
		D6215DBA1FBE86B30090FE80 /* ZSTabBarViewController.m */ = {isa = PBXFileReference; lastKnownFileType = sourcecode.c.objc; path = ZSTabBarViewController.m; sourceTree = "<group>"; };
		D6215DBB1FBE86B30090FE80 /* ZSTabBarViewController.xib */ = {isa = PBXFileReference; lastKnownFileType = file.xib; path = ZSTabBarViewController.xib; sourceTree = "<group>"; };
		D6215DC01FBE8BFC0090FE80 /* CommonMarco.h */ = {isa = PBXFileReference; lastKnownFileType = sourcecode.c.h; path = CommonMarco.h; sourceTree = "<group>"; };
		D6215DC21FBEB6340090FE80 /* UIColor+Addtions.h */ = {isa = PBXFileReference; lastKnownFileType = sourcecode.c.h; path = "UIColor+Addtions.h"; sourceTree = "<group>"; };
		D6215DC31FBEB6340090FE80 /* UIColor+Addtions.m */ = {isa = PBXFileReference; lastKnownFileType = sourcecode.c.objc; path = "UIColor+Addtions.m"; sourceTree = "<group>"; };
		D6215DC51FBEB6C60090FE80 /* QianChengApp.pch */ = {isa = PBXFileReference; lastKnownFileType = sourcecode.c.h; path = QianChengApp.pch; sourceTree = "<group>"; };
		D6215DC61FBEB8BC0090FE80 /* ZSHomeViewController.h */ = {isa = PBXFileReference; lastKnownFileType = sourcecode.c.h; path = ZSHomeViewController.h; sourceTree = "<group>"; };
		D6215DC71FBEB8BC0090FE80 /* ZSHomeViewController.m */ = {isa = PBXFileReference; lastKnownFileType = sourcecode.c.objc; path = ZSHomeViewController.m; sourceTree = "<group>"; };
		D6215DC81FBEB8BC0090FE80 /* ZSHomeViewController.xib */ = {isa = PBXFileReference; lastKnownFileType = file.xib; path = ZSHomeViewController.xib; sourceTree = "<group>"; };
		D6215DD01FBEB92A0090FE80 /* ZSNewsViewController.h */ = {isa = PBXFileReference; lastKnownFileType = sourcecode.c.h; path = ZSNewsViewController.h; sourceTree = "<group>"; };
		D6215DD11FBEB92A0090FE80 /* ZSNewsViewController.m */ = {isa = PBXFileReference; lastKnownFileType = sourcecode.c.objc; path = ZSNewsViewController.m; sourceTree = "<group>"; };
		D6215DD21FBEB92A0090FE80 /* ZSNewsViewController.xib */ = {isa = PBXFileReference; lastKnownFileType = file.xib; path = ZSNewsViewController.xib; sourceTree = "<group>"; };
		D62CCDE81FCBA4BF00EDD2D1 /* CardBankModel.h */ = {isa = PBXFileReference; lastKnownFileType = sourcecode.c.h; path = CardBankModel.h; sourceTree = "<group>"; };
		D62CCDE91FCBA4BF00EDD2D1 /* CardBankModel.m */ = {isa = PBXFileReference; lastKnownFileType = sourcecode.c.objc; path = CardBankModel.m; sourceTree = "<group>"; };
		D637E8D31FC2822600D68410 /* CycleScrollView.h */ = {isa = PBXFileReference; fileEncoding = 4; lastKnownFileType = sourcecode.c.h; path = CycleScrollView.h; sourceTree = "<group>"; };
		D637E8D41FC2822600D68410 /* CycleScrollView.m */ = {isa = PBXFileReference; fileEncoding = 4; lastKnownFileType = sourcecode.c.objc; path = CycleScrollView.m; sourceTree = "<group>"; };
		D637E8D61FC2835100D68410 /* UIView+LayoutFrame.h */ = {isa = PBXFileReference; lastKnownFileType = sourcecode.c.h; path = "UIView+LayoutFrame.h"; sourceTree = "<group>"; };
		D637E8D71FC2835100D68410 /* UIView+LayoutFrame.m */ = {isa = PBXFileReference; lastKnownFileType = sourcecode.c.objc; path = "UIView+LayoutFrame.m"; sourceTree = "<group>"; };
		D637E8E51FC40B5800D68410 /* HomeRequest.h */ = {isa = PBXFileReference; lastKnownFileType = sourcecode.c.h; path = HomeRequest.h; sourceTree = "<group>"; };
		D637E8E61FC40B5800D68410 /* HomeRequest.m */ = {isa = PBXFileReference; lastKnownFileType = sourcecode.c.objc; path = HomeRequest.m; sourceTree = "<group>"; };
		D637E8E81FC50D7400D68410 /* BannerModel.h */ = {isa = PBXFileReference; lastKnownFileType = sourcecode.c.h; path = BannerModel.h; sourceTree = "<group>"; };
		D637E8E91FC50D7400D68410 /* BannerModel.m */ = {isa = PBXFileReference; lastKnownFileType = sourcecode.c.objc; path = BannerModel.m; sourceTree = "<group>"; };
		D637E8EE1FC515DD00D68410 /* HomeTangDouTableViewCell.h */ = {isa = PBXFileReference; lastKnownFileType = sourcecode.c.h; path = HomeTangDouTableViewCell.h; sourceTree = "<group>"; };
		D637E8EF1FC515DD00D68410 /* HomeTangDouTableViewCell.m */ = {isa = PBXFileReference; lastKnownFileType = sourcecode.c.objc; path = HomeTangDouTableViewCell.m; sourceTree = "<group>"; };
		D637E8F01FC515DD00D68410 /* HomeTangDouTableViewCell.xib */ = {isa = PBXFileReference; lastKnownFileType = file.xib; path = HomeTangDouTableViewCell.xib; sourceTree = "<group>"; };
		D637E8F81FC5778E00D68410 /* HotDaiKuanRequest.h */ = {isa = PBXFileReference; lastKnownFileType = sourcecode.c.h; path = HotDaiKuanRequest.h; sourceTree = "<group>"; };
		D637E8F91FC5778E00D68410 /* HotDaiKuanRequest.m */ = {isa = PBXFileReference; lastKnownFileType = sourcecode.c.objc; path = HotDaiKuanRequest.m; sourceTree = "<group>"; };
		D637E8FB1FC577AC00D68410 /* HotXinYongRequest.h */ = {isa = PBXFileReference; lastKnownFileType = sourcecode.c.h; path = HotXinYongRequest.h; sourceTree = "<group>"; };
		D637E8FC1FC577AC00D68410 /* HotXinYongRequest.m */ = {isa = PBXFileReference; lastKnownFileType = sourcecode.c.objc; path = HotXinYongRequest.m; sourceTree = "<group>"; };
		D637E8FE1FC582AC00D68410 /* DaiKuanModel.h */ = {isa = PBXFileReference; lastKnownFileType = sourcecode.c.h; path = DaiKuanModel.h; sourceTree = "<group>"; };
		D637E8FF1FC582AC00D68410 /* DaiKuanModel.m */ = {isa = PBXFileReference; lastKnownFileType = sourcecode.c.objc; path = DaiKuanModel.m; sourceTree = "<group>"; };
		D637E9011FC5847B00D68410 /* HomeCardModel.h */ = {isa = PBXFileReference; lastKnownFileType = sourcecode.c.h; path = HomeCardModel.h; sourceTree = "<group>"; };
		D637E9021FC5847B00D68410 /* HomeCardModel.m */ = {isa = PBXFileReference; lastKnownFileType = sourcecode.c.objc; path = HomeCardModel.m; sourceTree = "<group>"; };
		D637E9041FC588CF00D68410 /* DaiKuanTableViewCell.h */ = {isa = PBXFileReference; lastKnownFileType = sourcecode.c.h; path = DaiKuanTableViewCell.h; sourceTree = "<group>"; };
		D637E9051FC588CF00D68410 /* DaiKuanTableViewCell.m */ = {isa = PBXFileReference; lastKnownFileType = sourcecode.c.objc; path = DaiKuanTableViewCell.m; sourceTree = "<group>"; };
		D637E9061FC588CF00D68410 /* DaiKuanTableViewCell.xib */ = {isa = PBXFileReference; lastKnownFileType = file.xib; path = DaiKuanTableViewCell.xib; sourceTree = "<group>"; };
		D637E9091FC588DD00D68410 /* HomeCardTableViewCell.h */ = {isa = PBXFileReference; lastKnownFileType = sourcecode.c.h; path = HomeCardTableViewCell.h; sourceTree = "<group>"; };
		D637E90A1FC588DD00D68410 /* HomeCardTableViewCell.m */ = {isa = PBXFileReference; lastKnownFileType = sourcecode.c.objc; path = HomeCardTableViewCell.m; sourceTree = "<group>"; };
		D637E90B1FC588DD00D68410 /* HomeCardTableViewCell.xib */ = {isa = PBXFileReference; lastKnownFileType = file.xib; path = HomeCardTableViewCell.xib; sourceTree = "<group>"; };
		D637E90E1FC65F2000D68410 /* MBProgressHUD+ZSS.h */ = {isa = PBXFileReference; lastKnownFileType = sourcecode.c.h; path = "MBProgressHUD+ZSS.h"; sourceTree = "<group>"; };
		D637E90F1FC65F2000D68410 /* MBProgressHUD+ZSS.m */ = {isa = PBXFileReference; lastKnownFileType = sourcecode.c.objc; path = "MBProgressHUD+ZSS.m"; sourceTree = "<group>"; };
		D637E9111FC6602F00D68410 /* SVProgressHUD.bundle */ = {isa = PBXFileReference; lastKnownFileType = "wrapper.plug-in"; path = SVProgressHUD.bundle; sourceTree = "<group>"; };
		D637E9131FC6683100D68410 /* ZSDaiKuanListViewController.h */ = {isa = PBXFileReference; lastKnownFileType = sourcecode.c.h; path = ZSDaiKuanListViewController.h; sourceTree = "<group>"; };
		D637E9141FC6683100D68410 /* ZSDaiKuanListViewController.m */ = {isa = PBXFileReference; lastKnownFileType = sourcecode.c.objc; path = ZSDaiKuanListViewController.m; sourceTree = "<group>"; };
		D637E9151FC6683100D68410 /* ZSDaiKuanListViewController.xib */ = {isa = PBXFileReference; lastKnownFileType = file.xib; path = ZSDaiKuanListViewController.xib; sourceTree = "<group>"; };
		D6AE1F101FCEFD8600D45553 /* RegistYanZheng.h */ = {isa = PBXFileReference; lastKnownFileType = sourcecode.c.h; path = RegistYanZheng.h; sourceTree = "<group>"; };
		D6AE1F111FCEFD8600D45553 /* RegistYanZheng.m */ = {isa = PBXFileReference; lastKnownFileType = sourcecode.c.objc; path = RegistYanZheng.m; sourceTree = "<group>"; };
		D6AE1F131FCF050200D45553 /* RegistFooterView.h */ = {isa = PBXFileReference; lastKnownFileType = sourcecode.c.h; path = RegistFooterView.h; sourceTree = "<group>"; };
		D6AE1F141FCF050200D45553 /* RegistFooterView.m */ = {isa = PBXFileReference; lastKnownFileType = sourcecode.c.objc; path = RegistFooterView.m; sourceTree = "<group>"; };
		D6AE1F161FCF054700D45553 /* RegistFooterView.xib */ = {isa = PBXFileReference; lastKnownFileType = file.xib; path = RegistFooterView.xib; sourceTree = "<group>"; };
		D6AE1F181FCF0A2900D45553 /* RegistRequest.h */ = {isa = PBXFileReference; lastKnownFileType = sourcecode.c.h; path = RegistRequest.h; sourceTree = "<group>"; };
		D6AE1F191FCF0A2900D45553 /* RegistRequest.m */ = {isa = PBXFileReference; lastKnownFileType = sourcecode.c.objc; path = RegistRequest.m; sourceTree = "<group>"; };
		D6AE1F1B1FCF108F00D45553 /* PasswordLoginView.h */ = {isa = PBXFileReference; lastKnownFileType = sourcecode.c.h; path = PasswordLoginView.h; sourceTree = "<group>"; };
		D6AE1F1C1FCF108F00D45553 /* PasswordLoginView.m */ = {isa = PBXFileReference; lastKnownFileType = sourcecode.c.objc; path = PasswordLoginView.m; sourceTree = "<group>"; };
		D6AE1F1E1FCF10A100D45553 /* PasswordLoginView.xib */ = {isa = PBXFileReference; lastKnownFileType = file.xib; path = PasswordLoginView.xib; sourceTree = "<group>"; };
		D6AE1F201FCF1D8000D45553 /* LoginRequest.h */ = {isa = PBXFileReference; lastKnownFileType = sourcecode.c.h; path = LoginRequest.h; sourceTree = "<group>"; };
		D6AE1F211FCF1D8000D45553 /* LoginRequest.m */ = {isa = PBXFileReference; lastKnownFileType = sourcecode.c.objc; path = LoginRequest.m; sourceTree = "<group>"; };
		D6AE1F231FCF1E8300D45553 /* YanZhengLoginView.h */ = {isa = PBXFileReference; lastKnownFileType = sourcecode.c.h; path = YanZhengLoginView.h; sourceTree = "<group>"; };
		D6AE1F241FCF1E8300D45553 /* YanZhengLoginView.m */ = {isa = PBXFileReference; lastKnownFileType = sourcecode.c.objc; path = YanZhengLoginView.m; sourceTree = "<group>"; };
		D6AE1F261FCF1E9A00D45553 /* YanZhengLoginView.xib */ = {isa = PBXFileReference; lastKnownFileType = file.xib; path = YanZhengLoginView.xib; sourceTree = "<group>"; };
		D6B7AC761FD12AA300FCBEAD /* ZSInfoListViewController.h */ = {isa = PBXFileReference; lastKnownFileType = sourcecode.c.h; path = ZSInfoListViewController.h; sourceTree = "<group>"; };
		D6B7AC771FD12AA300FCBEAD /* ZSInfoListViewController.m */ = {isa = PBXFileReference; lastKnownFileType = sourcecode.c.objc; path = ZSInfoListViewController.m; sourceTree = "<group>"; };
		D6B7AC781FD12AA300FCBEAD /* ZSInfoListViewController.xib */ = {isa = PBXFileReference; lastKnownFileType = file.xib; path = ZSInfoListViewController.xib; sourceTree = "<group>"; };
		D6B7AC7B1FD12B7000FCBEAD /* InfoList.h */ = {isa = PBXFileReference; lastKnownFileType = sourcecode.c.h; path = InfoList.h; sourceTree = "<group>"; };
		D6B7AC7C1FD12B7000FCBEAD /* InfoList.m */ = {isa = PBXFileReference; lastKnownFileType = sourcecode.c.objc; path = InfoList.m; sourceTree = "<group>"; };
		D6B7AC7E1FD12CF300FCBEAD /* InfoDetailViewController.h */ = {isa = PBXFileReference; lastKnownFileType = sourcecode.c.h; path = InfoDetailViewController.h; sourceTree = "<group>"; };
		D6B7AC7F1FD12CF300FCBEAD /* InfoDetailViewController.m */ = {isa = PBXFileReference; lastKnownFileType = sourcecode.c.objc; path = InfoDetailViewController.m; sourceTree = "<group>"; };
		D6B7AC801FD12CF300FCBEAD /* InfoDetailViewController.xib */ = {isa = PBXFileReference; lastKnownFileType = file.xib; path = InfoDetailViewController.xib; sourceTree = "<group>"; };
		D6B7AC831FD132C800FCBEAD /* NSString+Addtion.h */ = {isa = PBXFileReference; lastKnownFileType = sourcecode.c.h; path = "NSString+Addtion.h"; sourceTree = "<group>"; };
		D6B7AC841FD132C800FCBEAD /* NSString+Addtion.m */ = {isa = PBXFileReference; lastKnownFileType = sourcecode.c.objc; path = "NSString+Addtion.m"; sourceTree = "<group>"; };
		D6C178561FC6A7D700BD1199 /* ZSSegmentView.h */ = {isa = PBXFileReference; lastKnownFileType = sourcecode.c.h; path = ZSSegmentView.h; sourceTree = "<group>"; };
		D6C178571FC6A7D700BD1199 /* ZSSegmentView.m */ = {isa = PBXFileReference; lastKnownFileType = sourcecode.c.objc; path = ZSSegmentView.m; sourceTree = "<group>"; };
		D6C178591FC6A7E900BD1199 /* ZSSegmentView.xib */ = {isa = PBXFileReference; lastKnownFileType = file.xib; path = ZSSegmentView.xib; sourceTree = "<group>"; };
		D6C1785B1FC6CA5000BD1199 /* DaiKuanListRequest.h */ = {isa = PBXFileReference; lastKnownFileType = sourcecode.c.h; path = DaiKuanListRequest.h; sourceTree = "<group>"; };
		D6C1785C1FC6CA5000BD1199 /* DaiKuanListRequest.m */ = {isa = PBXFileReference; lastKnownFileType = sourcecode.c.objc; path = DaiKuanListRequest.m; sourceTree = "<group>"; };
		D6C178631FC6F16900BD1199 /* LoanMoneyModel.h */ = {isa = PBXFileReference; lastKnownFileType = sourcecode.c.h; path = LoanMoneyModel.h; sourceTree = "<group>"; };
		D6C178641FC6F16900BD1199 /* LoanMoneyModel.m */ = {isa = PBXFileReference; lastKnownFileType = sourcecode.c.objc; path = LoanMoneyModel.m; sourceTree = "<group>"; };
		D6C178691FC817EA00BD1199 /* ZSCreditCardRequest.h */ = {isa = PBXFileReference; lastKnownFileType = sourcecode.c.h; path = ZSCreditCardRequest.h; sourceTree = "<group>"; };
		D6C1786A1FC817EA00BD1199 /* ZSCreditCardRequest.m */ = {isa = PBXFileReference; lastKnownFileType = sourcecode.c.objc; path = ZSCreditCardRequest.m; sourceTree = "<group>"; };
		D6C1786C1FC819A400BD1199 /* ZDDaiKuanDetailViewController.h */ = {isa = PBXFileReference; lastKnownFileType = sourcecode.c.h; path = ZDDaiKuanDetailViewController.h; sourceTree = "<group>"; };
		D6C1786D1FC819A400BD1199 /* ZDDaiKuanDetailViewController.m */ = {isa = PBXFileReference; lastKnownFileType = sourcecode.c.objc; path = ZDDaiKuanDetailViewController.m; sourceTree = "<group>"; };
		D6C1786E1FC819A400BD1199 /* ZDDaiKuanDetailViewController.xib */ = {isa = PBXFileReference; lastKnownFileType = file.xib; path = ZDDaiKuanDetailViewController.xib; sourceTree = "<group>"; };
		D6C178711FC819C500BD1199 /* ZSCardDetailViewController.h */ = {isa = PBXFileReference; lastKnownFileType = sourcecode.c.h; path = ZSCardDetailViewController.h; sourceTree = "<group>"; };
		D6C178721FC819C500BD1199 /* ZSCardDetailViewController.m */ = {isa = PBXFileReference; lastKnownFileType = sourcecode.c.objc; path = ZSCardDetailViewController.m; sourceTree = "<group>"; };
		D6C178731FC819C500BD1199 /* ZSCardDetailViewController.xib */ = {isa = PBXFileReference; lastKnownFileType = file.xib; path = ZSCardDetailViewController.xib; sourceTree = "<group>"; };
		D6C178761FC819E100BD1199 /* CardDetailRequest.h */ = {isa = PBXFileReference; lastKnownFileType = sourcecode.c.h; path = CardDetailRequest.h; sourceTree = "<group>"; };
		D6C178771FC819E100BD1199 /* CardDetailRequest.m */ = {isa = PBXFileReference; lastKnownFileType = sourcecode.c.objc; path = CardDetailRequest.m; sourceTree = "<group>"; };
		D6C178791FC819F400BD1199 /* DaiKuanDetailRequest.h */ = {isa = PBXFileReference; lastKnownFileType = sourcecode.c.h; path = DaiKuanDetailRequest.h; sourceTree = "<group>"; };
		D6C1787A1FC819F400BD1199 /* DaiKuanDetailRequest.m */ = {isa = PBXFileReference; lastKnownFileType = sourcecode.c.objc; path = DaiKuanDetailRequest.m; sourceTree = "<group>"; };
		D6CF52C11FCD9E4000524EEB /* ZSUntils.h */ = {isa = PBXFileReference; lastKnownFileType = sourcecode.c.h; path = ZSUntils.h; sourceTree = "<group>"; };
		D6CF52C21FCD9E4000524EEB /* ZSUntils.m */ = {isa = PBXFileReference; lastKnownFileType = sourcecode.c.objc; path = ZSUntils.m; sourceTree = "<group>"; };
		D6CF52D61FCDB2BE00524EEB /* MyAppHeaderView.h */ = {isa = PBXFileReference; lastKnownFileType = sourcecode.c.h; path = MyAppHeaderView.h; sourceTree = "<group>"; };
		D6CF52D71FCDB2BE00524EEB /* MyAppHeaderView.m */ = {isa = PBXFileReference; lastKnownFileType = sourcecode.c.objc; path = MyAppHeaderView.m; sourceTree = "<group>"; };
		D6CF52D91FCDB2CF00524EEB /* MyAppHeaderView.xib */ = {isa = PBXFileReference; lastKnownFileType = file.xib; path = MyAppHeaderView.xib; sourceTree = "<group>"; };
		D6CF52DB1FCDB6B900524EEB /* MyAppViewController.h */ = {isa = PBXFileReference; lastKnownFileType = sourcecode.c.h; path = MyAppViewController.h; sourceTree = "<group>"; };
		D6CF52DC1FCDB6B900524EEB /* MyAppViewController.m */ = {isa = PBXFileReference; lastKnownFileType = sourcecode.c.objc; path = MyAppViewController.m; sourceTree = "<group>"; };
		D6CF52DD1FCDB6B900524EEB /* MyAppViewController.xib */ = {isa = PBXFileReference; lastKnownFileType = file.xib; path = MyAppViewController.xib; sourceTree = "<group>"; };
		D6CF52E01FCDB7A700524EEB /* ZSLoginViewController.h */ = {isa = PBXFileReference; lastKnownFileType = sourcecode.c.h; path = ZSLoginViewController.h; sourceTree = "<group>"; };
		D6CF52E11FCDB7A700524EEB /* ZSLoginViewController.m */ = {isa = PBXFileReference; lastKnownFileType = sourcecode.c.objc; path = ZSLoginViewController.m; sourceTree = "<group>"; };
		D6CF52E21FCDB7A700524EEB /* ZSLoginViewController.xib */ = {isa = PBXFileReference; lastKnownFileType = file.xib; path = ZSLoginViewController.xib; sourceTree = "<group>"; };
		D6CF52EA1FCDBC9400524EEB /* MyAppFooterView.h */ = {isa = PBXFileReference; lastKnownFileType = sourcecode.c.h; path = MyAppFooterView.h; sourceTree = "<group>"; };
		D6CF52EB1FCDBC9400524EEB /* MyAppFooterView.m */ = {isa = PBXFileReference; lastKnownFileType = sourcecode.c.objc; path = MyAppFooterView.m; sourceTree = "<group>"; };
		D6CF52ED1FCDBCA400524EEB /* MyAppFooterView.xib */ = {isa = PBXFileReference; lastKnownFileType = file.xib; path = MyAppFooterView.xib; sourceTree = "<group>"; };
		D6CF52EF1FCDBF2A00524EEB /* RegistViewController.h */ = {isa = PBXFileReference; lastKnownFileType = sourcecode.c.h; path = RegistViewController.h; sourceTree = "<group>"; };
		D6CF52F01FCDBF2A00524EEB /* RegistViewController.m */ = {isa = PBXFileReference; lastKnownFileType = sourcecode.c.objc; path = RegistViewController.m; sourceTree = "<group>"; };
		D6CF52F11FCDBF2A00524EEB /* RegistViewController.xib */ = {isa = PBXFileReference; lastKnownFileType = file.xib; path = RegistViewController.xib; sourceTree = "<group>"; };
		D6CF52F41FCDC37000524EEB /* RegistCell.h */ = {isa = PBXFileReference; lastKnownFileType = sourcecode.c.h; path = RegistCell.h; sourceTree = "<group>"; };
		D6CF52F51FCDC37000524EEB /* RegistCell.m */ = {isa = PBXFileReference; lastKnownFileType = sourcecode.c.objc; path = RegistCell.m; sourceTree = "<group>"; };
		D6CF52F61FCDC37000524EEB /* RegistCell.xib */ = {isa = PBXFileReference; lastKnownFileType = file.xib; path = RegistCell.xib; sourceTree = "<group>"; };
		D6CF52F91FCDC5DE00524EEB /* RegistYanZhengCell.h */ = {isa = PBXFileReference; lastKnownFileType = sourcecode.c.h; path = RegistYanZhengCell.h; sourceTree = "<group>"; };
		D6CF52FA1FCDC5DE00524EEB /* RegistYanZhengCell.m */ = {isa = PBXFileReference; lastKnownFileType = sourcecode.c.objc; path = RegistYanZhengCell.m; sourceTree = "<group>"; };
		D6CF52FB1FCDC5DE00524EEB /* RegistYanZhengCell.xib */ = {isa = PBXFileReference; lastKnownFileType = file.xib; path = RegistYanZhengCell.xib; sourceTree = "<group>"; };
		D6DA82C11FC840A20058FCC3 /* UIViewController+ButtonBarItem.h */ = {isa = PBXFileReference; lastKnownFileType = sourcecode.c.h; path = "UIViewController+ButtonBarItem.h"; sourceTree = "<group>"; };
		D6DA82C21FC840A20058FCC3 /* UIViewController+ButtonBarItem.m */ = {isa = PBXFileReference; lastKnownFileType = sourcecode.c.objc; path = "UIViewController+ButtonBarItem.m"; sourceTree = "<group>"; };
		D6EF05791FD054AC00C5C576 /* ResetPwdViewController.h */ = {isa = PBXFileReference; lastKnownFileType = sourcecode.c.h; path = ResetPwdViewController.h; sourceTree = "<group>"; };
		D6EF057A1FD054AC00C5C576 /* ResetPwdViewController.m */ = {isa = PBXFileReference; lastKnownFileType = sourcecode.c.objc; path = ResetPwdViewController.m; sourceTree = "<group>"; };
		D6EF057B1FD054AC00C5C576 /* ResetPwdViewController.xib */ = {isa = PBXFileReference; lastKnownFileType = file.xib; path = ResetPwdViewController.xib; sourceTree = "<group>"; };
		D6EF057E1FD05B2100C5C576 /* ResetViewController.h */ = {isa = PBXFileReference; lastKnownFileType = sourcecode.c.h; path = ResetViewController.h; sourceTree = "<group>"; };
		D6EF057F1FD05B2100C5C576 /* ResetViewController.m */ = {isa = PBXFileReference; lastKnownFileType = sourcecode.c.objc; path = ResetViewController.m; sourceTree = "<group>"; };
		D6EF05801FD05B2100C5C576 /* ResetViewController.xib */ = {isa = PBXFileReference; lastKnownFileType = file.xib; path = ResetViewController.xib; sourceTree = "<group>"; };
		D6FF78881FCD057A00A61D3F /* CardDetailModel.h */ = {isa = PBXFileReference; lastKnownFileType = sourcecode.c.h; path = CardDetailModel.h; sourceTree = "<group>"; };
		D6FF78891FCD057A00A61D3F /* CardDetailModel.m */ = {isa = PBXFileReference; lastKnownFileType = sourcecode.c.objc; path = CardDetailModel.m; sourceTree = "<group>"; };
		D6FF788B1FCD09A800A61D3F /* DetailTwoCell.h */ = {isa = PBXFileReference; lastKnownFileType = sourcecode.c.h; path = DetailTwoCell.h; sourceTree = "<group>"; };
		D6FF788C1FCD09A800A61D3F /* DetailTwoCell.m */ = {isa = PBXFileReference; lastKnownFileType = sourcecode.c.objc; path = DetailTwoCell.m; sourceTree = "<group>"; };
		D6FF788D1FCD09A800A61D3F /* DetailTwoCell.xib */ = {isa = PBXFileReference; lastKnownFileType = file.xib; path = DetailTwoCell.xib; sourceTree = "<group>"; };
		D6FF78901FCD09B900A61D3F /* CardDetailThreeCell.h */ = {isa = PBXFileReference; lastKnownFileType = sourcecode.c.h; path = CardDetailThreeCell.h; sourceTree = "<group>"; };
		D6FF78911FCD09B900A61D3F /* CardDetailThreeCell.m */ = {isa = PBXFileReference; lastKnownFileType = sourcecode.c.objc; path = CardDetailThreeCell.m; sourceTree = "<group>"; };
		D6FF78921FCD09B900A61D3F /* CardDetailThreeCell.xib */ = {isa = PBXFileReference; lastKnownFileType = file.xib; path = CardDetailThreeCell.xib; sourceTree = "<group>"; };
		D6FF78951FCD09CA00A61D3F /* CardDetailFourCell.h */ = {isa = PBXFileReference; lastKnownFileType = sourcecode.c.h; path = CardDetailFourCell.h; sourceTree = "<group>"; };
		D6FF78961FCD09CA00A61D3F /* CardDetailFourCell.m */ = {isa = PBXFileReference; lastKnownFileType = sourcecode.c.objc; path = CardDetailFourCell.m; sourceTree = "<group>"; };
		D6FF78971FCD09CA00A61D3F /* CardDetailFourCell.xib */ = {isa = PBXFileReference; lastKnownFileType = file.xib; path = CardDetailFourCell.xib; sourceTree = "<group>"; };
/* End PBXFileReference section */

/* Begin PBXFrameworksBuildPhase section */
		D6215D811FBE80DB0090FE80 /* Frameworks */ = {
			isa = PBXFrameworksBuildPhase;
			buildActionMask = 2147483647;
			files = (
				B424F527C38E985EFCFD386C /* libPods-QianChengApp.a in Frameworks */,
			);
			runOnlyForDeploymentPostprocessing = 0;
		};
/* End PBXFrameworksBuildPhase section */

/* Begin PBXGroup section */
		58EE91D31A015A86E03DFECB /* Pods */ = {
			isa = PBXGroup;
			children = (
				9BD0896958AAECCDB0E92024 /* Pods-QianChengApp.debug.xcconfig */,
				0C6ABC434D53A18BA2F7E352 /* Pods-QianChengApp.release.xcconfig */,
			);
			name = Pods;
			sourceTree = "<group>";
		};
		9DB366D91B8A29D210958C42 /* Frameworks */ = {
			isa = PBXGroup;
			children = (
				75648AE3F7E99A7D77994D84 /* libPods-QianChengApp.a */,
			);
			name = Frameworks;
			sourceTree = "<group>";
		};
		D6215D7B1FBE80DB0090FE80 = {
			isa = PBXGroup;
			children = (
				D6215D861FBE80DB0090FE80 /* QianChengApp */,
				D6215D851FBE80DB0090FE80 /* Products */,
				58EE91D31A015A86E03DFECB /* Pods */,
				9DB366D91B8A29D210958C42 /* Frameworks */,
			);
			sourceTree = "<group>";
		};
		D6215D851FBE80DB0090FE80 /* Products */ = {
			isa = PBXGroup;
			children = (
				D6215D841FBE80DB0090FE80 /* QianChengApp.app */,
			);
			name = Products;
			sourceTree = "<group>";
		};
		D6215D861FBE80DB0090FE80 /* QianChengApp */ = {
			isa = PBXGroup;
			children = (
				D6215DBE1FBE8BC60090FE80 /* 扩展 */,
				D6215DA21FBE81E10090FE80 /* 首页 */,
				D6215DA31FBE81E10090FE80 /* 贷款 */,
				D6215D9D1FBE81E10090FE80 /* 信用卡 */,
				D6215DA11FBE81E10090FE80 /* 我的 */,
				D6215DA51FBE82300090FE80 /* qianchengWidget */,
				D6215D9E1FBE81E10090FE80 /* APPDelegate */,
			);
			path = QianChengApp;
			sourceTree = "<group>";
		};
		D6215D9D1FBE81E10090FE80 /* 信用卡 */ = {
			isa = PBXGroup;
			children = (
				D6C178661FC817BE00BD1199 /* C */,
				D6C178681FC817BF00BD1199 /* M */,
				D6C178671FC817BE00BD1199 /* V */,
			);
			path = "信用卡";
			sourceTree = "<group>";
		};
		D6215D9E1FBE81E10090FE80 /* APPDelegate */ = {
			isa = PBXGroup;
			children = (
				D6215DB21FBE84A00090FE80 /* tabbarView */,
				D6215D9F1FBE81E10090FE80 /* AppDelegate.h */,
				D6215DA01FBE81E10090FE80 /* AppDelegate.m */,
			);
			path = APPDelegate;
			sourceTree = "<group>";
		};
		D6215DA11FBE81E10090FE80 /* 我的 */ = {
			isa = PBXGroup;
			children = (
				D6CF52C91FCDB29100524EEB /* C */,
				D6CF52D01FCDB29200524EEB /* M */,
				D6CF52D11FCDB29200524EEB /* V */,
			);
			path = "我的";
			sourceTree = "<group>";
		};
		D6215DA21FBE81E10090FE80 /* 首页 */ = {
			isa = PBXGroup;
			children = (
				D637E8ED1FC515A800D68410 /* V */,
				D637E8EC1FC515A100D68410 /* M */,
				D637E8EB1FC5159600D68410 /* C */,
			);
			path = "首页";
			sourceTree = "<group>";
		};
		D6215DA31FBE81E10090FE80 /* 贷款 */ = {
			isa = PBXGroup;
			children = (
				D6C178541FC6A78700BD1199 /* C */,
				D6C178551FC6A78700BD1199 /* M */,
				D6C178531FC6A78700BD1199 /* V */,
			);
			path = "贷款";
			sourceTree = "<group>";
		};
		D6215DA51FBE82300090FE80 /* qianchengWidget */ = {
			isa = PBXGroup;
			children = (
				D6215DA61FBE82300090FE80 /* Assets.xcassets */,
				D6215DA71FBE82300090FE80 /* LaunchScreen.storyboard */,
				D6215DA91FBE82300090FE80 /* Main.storyboard */,
				D6215DAB1FBE82300090FE80 /* Info.plist */,
				D6215DAC1FBE82300090FE80 /* main.m */,
				D6215DC51FBEB6C60090FE80 /* QianChengApp.pch */,
			);
			path = qianchengWidget;
			sourceTree = "<group>";
		};
		D6215DB21FBE84A00090FE80 /* tabbarView */ = {
			isa = PBXGroup;
			children = (
				D6215DB31FBE84F50090FE80 /* ZSTabBarItem.h */,
				D6215DB41FBE84F50090FE80 /* ZSTabBarItem.m */,
				D6215DB61FBE85250090FE80 /* ZSTabBarItemModel.h */,
				D6215DB71FBE85250090FE80 /* ZSTabBarItemModel.m */,
				D6215DB91FBE86B30090FE80 /* ZSTabBarViewController.h */,
				D6215DBA1FBE86B30090FE80 /* ZSTabBarViewController.m */,
				D6215DBB1FBE86B30090FE80 /* ZSTabBarViewController.xib */,
			);
			path = tabbarView;
			sourceTree = "<group>";
		};
		D6215DBE1FBE8BC60090FE80 /* 扩展 */ = {
			isa = PBXGroup;
			children = (
				D637E8D11FC281F800D68410 /* 自定义控件 */,
				D6215DC11FBEB5F80090FE80 /* Category */,
				D6215DBF1FBE8BDD0090FE80 /* 通用宏定义 */,
				D6CF52C11FCD9E4000524EEB /* ZSUntils.h */,
				D6CF52C21FCD9E4000524EEB /* ZSUntils.m */,
			);
			path = "扩展";
			sourceTree = "<group>";
		};
		D6215DBF1FBE8BDD0090FE80 /* 通用宏定义 */ = {
			isa = PBXGroup;
			children = (
				D6215DC01FBE8BFC0090FE80 /* CommonMarco.h */,
			);
			path = "通用宏定义";
			sourceTree = "<group>";
		};
		D6215DC11FBEB5F80090FE80 /* Category */ = {
			isa = PBXGroup;
			children = (
				D6215DC21FBEB6340090FE80 /* UIColor+Addtions.h */,
				D6215DC31FBEB6340090FE80 /* UIColor+Addtions.m */,
				D637E8D61FC2835100D68410 /* UIView+LayoutFrame.h */,
				D637E8D71FC2835100D68410 /* UIView+LayoutFrame.m */,
				D637E90E1FC65F2000D68410 /* MBProgressHUD+ZSS.h */,
				D637E90F1FC65F2000D68410 /* MBProgressHUD+ZSS.m */,
				D637E9111FC6602F00D68410 /* SVProgressHUD.bundle */,
				D6DA82C11FC840A20058FCC3 /* UIViewController+ButtonBarItem.h */,
				D6DA82C21FC840A20058FCC3 /* UIViewController+ButtonBarItem.m */,
				D6B7AC831FD132C800FCBEAD /* NSString+Addtion.h */,
				D6B7AC841FD132C800FCBEAD /* NSString+Addtion.m */,
			);
			path = Category;
			sourceTree = "<group>";
		};
		D637E8D11FC281F800D68410 /* 自定义控件 */ = {
			isa = PBXGroup;
			children = (
				D637E8D21FC2822600D68410 /* 无限轮播图 */,
			);
			path = "自定义控件";
			sourceTree = "<group>";
		};
		D637E8D21FC2822600D68410 /* 无限轮播图 */ = {
			isa = PBXGroup;
			children = (
				D637E8D31FC2822600D68410 /* CycleScrollView.h */,
				D637E8D41FC2822600D68410 /* CycleScrollView.m */,
			);
			path = "无限轮播图";
			sourceTree = "<group>";
		};
		D637E8EB1FC5159600D68410 /* C */ = {
			isa = PBXGroup;
			children = (
				D6215DC61FBEB8BC0090FE80 /* ZSHomeViewController.h */,
				D6215DC71FBEB8BC0090FE80 /* ZSHomeViewController.m */,
				D6215DC81FBEB8BC0090FE80 /* ZSHomeViewController.xib */,
				D6B7AC761FD12AA300FCBEAD /* ZSInfoListViewController.h */,
				D6B7AC771FD12AA300FCBEAD /* ZSInfoListViewController.m */,
				D6B7AC781FD12AA300FCBEAD /* ZSInfoListViewController.xib */,
				D6B7AC7E1FD12CF300FCBEAD /* InfoDetailViewController.h */,
				D6B7AC7F1FD12CF300FCBEAD /* InfoDetailViewController.m */,
				D6B7AC801FD12CF300FCBEAD /* InfoDetailViewController.xib */,
				D60BC5F41FD2C0AD001A6913 /* WebViewController.h */,
				D60BC5F51FD2C0AD001A6913 /* WebViewController.m */,
				D60BC5F61FD2C0AD001A6913 /* WebViewController.xib */,
			);
			path = C;
			sourceTree = "<group>";
		};
		D637E8EC1FC515A100D68410 /* M */ = {
			isa = PBXGroup;
			children = (
				D637E8E51FC40B5800D68410 /* HomeRequest.h */,
				D637E8E61FC40B5800D68410 /* HomeRequest.m */,
				D637E8F81FC5778E00D68410 /* HotDaiKuanRequest.h */,
				D637E8F91FC5778E00D68410 /* HotDaiKuanRequest.m */,
				D637E8FB1FC577AC00D68410 /* HotXinYongRequest.h */,
				D637E8FC1FC577AC00D68410 /* HotXinYongRequest.m */,
				D637E8E81FC50D7400D68410 /* BannerModel.h */,
				D637E8E91FC50D7400D68410 /* BannerModel.m */,
				D637E8FE1FC582AC00D68410 /* DaiKuanModel.h */,
				D637E8FF1FC582AC00D68410 /* DaiKuanModel.m */,
				D637E9011FC5847B00D68410 /* HomeCardModel.h */,
				D637E9021FC5847B00D68410 /* HomeCardModel.m */,
				D6B7AC7B1FD12B7000FCBEAD /* InfoList.h */,
				D6B7AC7C1FD12B7000FCBEAD /* InfoList.m */,
				D60BC5CC1FD187F9001A6913 /* InfoListModel.h */,
				D60BC5CD1FD187F9001A6913 /* InfoListModel.m */,
				D60BC5CF1FD18A17001A6913 /* InfoDetailRequest.h */,
				D60BC5D01FD18A17001A6913 /* InfoDetailRequest.m */,
				D60BC5D21FD18AD8001A6913 /* InfoDetailModel.h */,
				D60BC5D31FD18AD8001A6913 /* InfoDetailModel.m */,
			);
			path = M;
			sourceTree = "<group>";
		};
		D637E8ED1FC515A800D68410 /* V */ = {
			isa = PBXGroup;
			children = (
				D637E8EE1FC515DD00D68410 /* HomeTangDouTableViewCell.h */,
				D637E8EF1FC515DD00D68410 /* HomeTangDouTableViewCell.m */,
				D637E8F01FC515DD00D68410 /* HomeTangDouTableViewCell.xib */,
				D637E9041FC588CF00D68410 /* DaiKuanTableViewCell.h */,
				D637E9051FC588CF00D68410 /* DaiKuanTableViewCell.m */,
				D637E9061FC588CF00D68410 /* DaiKuanTableViewCell.xib */,
				D637E9091FC588DD00D68410 /* HomeCardTableViewCell.h */,
				D637E90A1FC588DD00D68410 /* HomeCardTableViewCell.m */,
				D637E90B1FC588DD00D68410 /* HomeCardTableViewCell.xib */,
			);
			path = V;
			sourceTree = "<group>";
		};
		D6C178531FC6A78700BD1199 /* V */ = {
			isa = PBXGroup;
			children = (
				D6C178561FC6A7D700BD1199 /* ZSSegmentView.h */,
				D6C178571FC6A7D700BD1199 /* ZSSegmentView.m */,
				D6C178591FC6A7E900BD1199 /* ZSSegmentView.xib */,
				D616FFFF1FCC497D008E3FF9 /* DaiDetailProductCell.h */,
				D61600001FCC497D008E3FF9 /* DaiDetailProductCell.m */,
				D61600011FCC497D008E3FF9 /* DaiDetailProductCell.xib */,
				D61600041FCC4ACF008E3FF9 /* DaiDetailInfoCell.h */,
				D61600051FCC4ACF008E3FF9 /* DaiDetailInfoCell.m */,
				D61600061FCC4ACF008E3FF9 /* DaiDetailInfoCell.xib */,
				D61600091FCC4E02008E3FF9 /* DaiDetailJiSuanCell.h */,
				D616000A1FCC4E02008E3FF9 /* DaiDetailJiSuanCell.m */,
				D616000B1FCC4E02008E3FF9 /* DaiDetailJiSuanCell.xib */,
				D616000E1FCC5369008E3FF9 /* DaiDetailConditionCell.h */,
				D616000F1FCC5369008E3FF9 /* DaiDetailConditionCell.m */,
				D61600101FCC5369008E3FF9 /* DaiDetailConditionCell.xib */,
				D60BC5F91FD2CAD3001A6913 /* CustomButton.h */,
				D60BC5FA1FD2CAD3001A6913 /* CustomButton.m */,
			);
			path = V;
			sourceTree = "<group>";
		};
		D6C178541FC6A78700BD1199 /* C */ = {
			isa = PBXGroup;
			children = (
				D637E9131FC6683100D68410 /* ZSDaiKuanListViewController.h */,
				D637E9141FC6683100D68410 /* ZSDaiKuanListViewController.m */,
				D637E9151FC6683100D68410 /* ZSDaiKuanListViewController.xib */,
				D6C1786C1FC819A400BD1199 /* ZDDaiKuanDetailViewController.h */,
				D6C1786D1FC819A400BD1199 /* ZDDaiKuanDetailViewController.m */,
				D6C1786E1FC819A400BD1199 /* ZDDaiKuanDetailViewController.xib */,
			);
			path = C;
			sourceTree = "<group>";
		};
		D6C178551FC6A78700BD1199 /* M */ = {
			isa = PBXGroup;
			children = (
				D6C1785B1FC6CA5000BD1199 /* DaiKuanListRequest.h */,
				D6C1785C1FC6CA5000BD1199 /* DaiKuanListRequest.m */,
				D6C178791FC819F400BD1199 /* DaiKuanDetailRequest.h */,
				D6C1787A1FC819F400BD1199 /* DaiKuanDetailRequest.m */,
				D6C178631FC6F16900BD1199 /* LoanMoneyModel.h */,
				D6C178641FC6F16900BD1199 /* LoanMoneyModel.m */,
				D61600131FCC5CB8008E3FF9 /* DaiDetailModel.h */,
				D61600141FCC5CB8008E3FF9 /* DaiDetailModel.m */,
			);
			path = M;
			sourceTree = "<group>";
		};
		D6C178661FC817BE00BD1199 /* C */ = {
			isa = PBXGroup;
			children = (
				D6215DD01FBEB92A0090FE80 /* ZSNewsViewController.h */,
				D6215DD11FBEB92A0090FE80 /* ZSNewsViewController.m */,
				D6215DD21FBEB92A0090FE80 /* ZSNewsViewController.xib */,
				D6C178711FC819C500BD1199 /* ZSCardDetailViewController.h */,
				D6C178721FC819C500BD1199 /* ZSCardDetailViewController.m */,
				D6C178731FC819C500BD1199 /* ZSCardDetailViewController.xib */,
			);
			path = C;
			sourceTree = "<group>";
		};
		D6C178671FC817BE00BD1199 /* V */ = {
			isa = PBXGroup;
			children = (
				D6FF788B1FCD09A800A61D3F /* DetailTwoCell.h */,
				D6FF788C1FCD09A800A61D3F /* DetailTwoCell.m */,
				D6FF788D1FCD09A800A61D3F /* DetailTwoCell.xib */,
				D6FF78901FCD09B900A61D3F /* CardDetailThreeCell.h */,
				D6FF78911FCD09B900A61D3F /* CardDetailThreeCell.m */,
				D6FF78921FCD09B900A61D3F /* CardDetailThreeCell.xib */,
				D6FF78951FCD09CA00A61D3F /* CardDetailFourCell.h */,
				D6FF78961FCD09CA00A61D3F /* CardDetailFourCell.m */,
				D6FF78971FCD09CA00A61D3F /* CardDetailFourCell.xib */,
			);
			path = V;
			sourceTree = "<group>";
		};
		D6C178681FC817BF00BD1199 /* M */ = {
			isa = PBXGroup;
			children = (
				D6C178691FC817EA00BD1199 /* ZSCreditCardRequest.h */,
				D6C1786A1FC817EA00BD1199 /* ZSCreditCardRequest.m */,
				D6C178761FC819E100BD1199 /* CardDetailRequest.h */,
				D6C178771FC819E100BD1199 /* CardDetailRequest.m */,
				D62CCDE81FCBA4BF00EDD2D1 /* CardBankModel.h */,
				D62CCDE91FCBA4BF00EDD2D1 /* CardBankModel.m */,
				D6FF78881FCD057A00A61D3F /* CardDetailModel.h */,
				D6FF78891FCD057A00A61D3F /* CardDetailModel.m */,
				D60BC6021FD40A67001A6913 /* TongjiRequest.h */,
				D60BC6031FD40A67001A6913 /* TongjiRequest.m */,
			);
			path = M;
			sourceTree = "<group>";
		};
		D6CF52C91FCDB29100524EEB /* C */ = {
			isa = PBXGroup;
			children = (
				D6CF52DB1FCDB6B900524EEB /* MyAppViewController.h */,
				D6CF52DC1FCDB6B900524EEB /* MyAppViewController.m */,
				D6CF52DD1FCDB6B900524EEB /* MyAppViewController.xib */,
				D6CF52E01FCDB7A700524EEB /* ZSLoginViewController.h */,
				D6CF52E11FCDB7A700524EEB /* ZSLoginViewController.m */,
				D6CF52E21FCDB7A700524EEB /* ZSLoginViewController.xib */,
				D6CF52EF1FCDBF2A00524EEB /* RegistViewController.h */,
				D6CF52F01FCDBF2A00524EEB /* RegistViewController.m */,
				D6CF52F11FCDBF2A00524EEB /* RegistViewController.xib */,
				D6EF05791FD054AC00C5C576 /* ResetPwdViewController.h */,
				D6EF057A1FD054AC00C5C576 /* ResetPwdViewController.m */,
				D6EF057B1FD054AC00C5C576 /* ResetPwdViewController.xib */,
				D6EF057E1FD05B2100C5C576 /* ResetViewController.h */,
				D6EF057F1FD05B2100C5C576 /* ResetViewController.m */,
				D6EF05801FD05B2100C5C576 /* ResetViewController.xib */,
				D60BC5DD1FD19C37001A6913 /* AboutViewController.h */,
				D60BC5DE1FD19C37001A6913 /* AboutViewController.m */,
				D60BC5DF1FD19C37001A6913 /* AboutViewController.xib */,
				D60BC5E21FD19D44001A6913 /* MyCollectViewController.h */,
				D60BC5E31FD19D44001A6913 /* MyCollectViewController.m */,
				D60BC5E41FD19D44001A6913 /* MyCollectViewController.xib */,
			);
			path = C;
			sourceTree = "<group>";
		};
		D6CF52D01FCDB29200524EEB /* M */ = {
			isa = PBXGroup;
			children = (
				D6AE1F101FCEFD8600D45553 /* RegistYanZheng.h */,
				D6AE1F111FCEFD8600D45553 /* RegistYanZheng.m */,
				D6AE1F181FCF0A2900D45553 /* RegistRequest.h */,
				D6AE1F191FCF0A2900D45553 /* RegistRequest.m */,
				D6AE1F201FCF1D8000D45553 /* LoginRequest.h */,
				D6AE1F211FCF1D8000D45553 /* LoginRequest.m */,
				D61F47631FD0674D006FAD27 /* ForgetResetPwdRequest.h */,
				D61F47641FD0674D006FAD27 /* ForgetResetPwdRequest.m */,
				D61F47661FD06B2B006FAD27 /* ReloginRequest.h */,
				D61F47671FD06B2B006FAD27 /* ReloginRequest.m */,
				D60BC5F11FD2BCE4001A6913 /* CollectRequest.h */,
				D60BC5F21FD2BCE4001A6913 /* CollectRequest.m */,
				D60BC5FC1FD3DDF9001A6913 /* LoanCollectList.h */,
				D60BC5FD1FD3DDF9001A6913 /* LoanCollectList.m */,
				D60BC5FF1FD3DE39001A6913 /* CardCollectList.h */,
				D60BC6001FD3DE39001A6913 /* CardCollectList.m */,
			);
			path = M;
			sourceTree = "<group>";
		};
		D6CF52D11FCDB29200524EEB /* V */ = {
			isa = PBXGroup;
			children = (
				D6CF52D61FCDB2BE00524EEB /* MyAppHeaderView.h */,
				D6CF52D71FCDB2BE00524EEB /* MyAppHeaderView.m */,
				D6CF52D91FCDB2CF00524EEB /* MyAppHeaderView.xib */,
				D6CF52EA1FCDBC9400524EEB /* MyAppFooterView.h */,
				D6CF52EB1FCDBC9400524EEB /* MyAppFooterView.m */,
				D6CF52ED1FCDBCA400524EEB /* MyAppFooterView.xib */,
				D6CF52F41FCDC37000524EEB /* RegistCell.h */,
				D6CF52F51FCDC37000524EEB /* RegistCell.m */,
				D6CF52F61FCDC37000524EEB /* RegistCell.xib */,
				D6CF52F91FCDC5DE00524EEB /* RegistYanZhengCell.h */,
				D6CF52FA1FCDC5DE00524EEB /* RegistYanZhengCell.m */,
				D6CF52FB1FCDC5DE00524EEB /* RegistYanZhengCell.xib */,
				D6AE1F131FCF050200D45553 /* RegistFooterView.h */,
				D6AE1F141FCF050200D45553 /* RegistFooterView.m */,
				D6AE1F161FCF054700D45553 /* RegistFooterView.xib */,
				D6AE1F1B1FCF108F00D45553 /* PasswordLoginView.h */,
				D6AE1F1C1FCF108F00D45553 /* PasswordLoginView.m */,
				D6AE1F1E1FCF10A100D45553 /* PasswordLoginView.xib */,
				D6AE1F231FCF1E8300D45553 /* YanZhengLoginView.h */,
				D6AE1F241FCF1E8300D45553 /* YanZhengLoginView.m */,
				D6AE1F261FCF1E9A00D45553 /* YanZhengLoginView.xib */,
				D60BC5D51FD19821001A6913 /* MyAppTableViewCell.h */,
				D60BC5D61FD19821001A6913 /* MyAppTableViewCell.m */,
				D60BC5D71FD19821001A6913 /* MyAppTableViewCell.xib */,
				D60BC5E71FD2B4FF001A6913 /* CollectDaiKuanView.h */,
				D60BC5E81FD2B4FF001A6913 /* CollectDaiKuanView.m */,
				D60BC5EA1FD2B510001A6913 /* CollectDaiKuanView.xib */,
				D60BC5EC1FD2B55D001A6913 /* CollectCardView.h */,
				D60BC5ED1FD2B55D001A6913 /* CollectCardView.m */,
				D60BC5EF1FD2B56B001A6913 /* CollectCardView.xib */,
			);
			path = V;
			sourceTree = "<group>";
		};
/* End PBXGroup section */

/* Begin PBXNativeTarget section */
		D6215D831FBE80DB0090FE80 /* QianChengApp */ = {
			isa = PBXNativeTarget;
			buildConfigurationList = D6215D9A1FBE80DB0090FE80 /* Build configuration list for PBXNativeTarget "QianChengApp" */;
			buildPhases = (
				BB1709574660C3CD1D6DDC6F /* [CP] Check Pods Manifest.lock */,
				D6215D801FBE80DB0090FE80 /* Sources */,
				D6215D811FBE80DB0090FE80 /* Frameworks */,
				D6215D821FBE80DB0090FE80 /* Resources */,
				539C884D9F7AF131D3772B0B /* [CP] Embed Pods Frameworks */,
				67EA096DA2499975C2944837 /* [CP] Copy Pods Resources */,
			);
			buildRules = (
			);
			dependencies = (
			);
			name = QianChengApp;
			productName = QianChengApp;
			productReference = D6215D841FBE80DB0090FE80 /* QianChengApp.app */;
			productType = "com.apple.product-type.application";
		};
/* End PBXNativeTarget section */

/* Begin PBXProject section */
		D6215D7C1FBE80DB0090FE80 /* Project object */ = {
			isa = PBXProject;
			attributes = {
				LastUpgradeCheck = 0900;
				ORGANIZATIONNAME = zhangsong;
				TargetAttributes = {
					D6215D831FBE80DB0090FE80 = {
						CreatedOnToolsVersion = 9.0.1;
						ProvisioningStyle = Automatic;
					};
				};
			};
			buildConfigurationList = D6215D7F1FBE80DB0090FE80 /* Build configuration list for PBXProject "QianChengApp" */;
			compatibilityVersion = "Xcode 8.0";
			developmentRegion = en;
			hasScannedForEncodings = 0;
			knownRegions = (
				en,
				Base,
			);
			mainGroup = D6215D7B1FBE80DB0090FE80;
			productRefGroup = D6215D851FBE80DB0090FE80 /* Products */;
			projectDirPath = "";
			projectRoot = "";
			targets = (
				D6215D831FBE80DB0090FE80 /* QianChengApp */,
			);
		};
/* End PBXProject section */

/* Begin PBXResourcesBuildPhase section */
		D6215D821FBE80DB0090FE80 /* Resources */ = {
			isa = PBXResourcesBuildPhase;
			buildActionMask = 2147483647;
			files = (
				D6EF057D1FD054AC00C5C576 /* ResetPwdViewController.xib in Resources */,
				D6EF05821FD05B2100C5C576 /* ResetViewController.xib in Resources */,
				D6B7AC821FD12CF300FCBEAD /* InfoDetailViewController.xib in Resources */,
				D60BC5F81FD2C0AD001A6913 /* WebViewController.xib in Resources */,
				D6FF78991FCD09CA00A61D3F /* CardDetailFourCell.xib in Resources */,
				D6CF52EE1FCDBCA400524EEB /* MyAppFooterView.xib in Resources */,
				D61600081FCC4ACF008E3FF9 /* DaiDetailInfoCell.xib in Resources */,
				D6215DAD1FBE82310090FE80 /* Assets.xcassets in Resources */,
				D6FF78941FCD09B900A61D3F /* CardDetailThreeCell.xib in Resources */,
				D6CF52F81FCDC37000524EEB /* RegistCell.xib in Resources */,
				D6AE1F171FCF054700D45553 /* RegistFooterView.xib in Resources */,
				D61600121FCC5369008E3FF9 /* DaiDetailConditionCell.xib in Resources */,
				D637E9171FC6683100D68410 /* ZSDaiKuanListViewController.xib in Resources */,
				D60BC5E61FD19D44001A6913 /* MyCollectViewController.xib in Resources */,
				D60BC5F01FD2B56B001A6913 /* CollectCardView.xib in Resources */,
				D6C178701FC819A400BD1199 /* ZDDaiKuanDetailViewController.xib in Resources */,
				D6215DD41FBEB92A0090FE80 /* ZSNewsViewController.xib in Resources */,
				D616000D1FCC4E02008E3FF9 /* DaiDetailJiSuanCell.xib in Resources */,
				D637E90D1FC588DD00D68410 /* HomeCardTableViewCell.xib in Resources */,
				D6AE1F1F1FCF10A100D45553 /* PasswordLoginView.xib in Resources */,
				D6C1785A1FC6A7E900BD1199 /* ZSSegmentView.xib in Resources */,
				D6B7AC7A1FD12AA300FCBEAD /* ZSInfoListViewController.xib in Resources */,
				D6215DAF1FBE82310090FE80 /* Main.storyboard in Resources */,
				D61600031FCC497D008E3FF9 /* DaiDetailProductCell.xib in Resources */,
				D6AE1F271FCF1E9A00D45553 /* YanZhengLoginView.xib in Resources */,
				D6C178751FC819C500BD1199 /* ZSCardDetailViewController.xib in Resources */,
				D6CF52E41FCDB7A700524EEB /* ZSLoginViewController.xib in Resources */,
				D6CF52FD1FCDC5DE00524EEB /* RegistYanZhengCell.xib in Resources */,
				D6CF52DF1FCDB6B900524EEB /* MyAppViewController.xib in Resources */,
				D637E8F21FC515DD00D68410 /* HomeTangDouTableViewCell.xib in Resources */,
				D6CF52F31FCDBF2A00524EEB /* RegistViewController.xib in Resources */,
				D6215DAE1FBE82310090FE80 /* LaunchScreen.storyboard in Resources */,
				D637E9121FC6603000D68410 /* SVProgressHUD.bundle in Resources */,
				D60BC5E11FD19C37001A6913 /* AboutViewController.xib in Resources */,
				D6215DB01FBE82310090FE80 /* Info.plist in Resources */,
				D637E9081FC588CF00D68410 /* DaiKuanTableViewCell.xib in Resources */,
				D60BC5D91FD19821001A6913 /* MyAppTableViewCell.xib in Resources */,
				D6215DCA1FBEB8BC0090FE80 /* ZSHomeViewController.xib in Resources */,
				D6FF788F1FCD09A800A61D3F /* DetailTwoCell.xib in Resources */,
				D60BC5EB1FD2B510001A6913 /* CollectDaiKuanView.xib in Resources */,
				D6215DBD1FBE86B30090FE80 /* ZSTabBarViewController.xib in Resources */,
				D6CF52DA1FCDB2CF00524EEB /* MyAppHeaderView.xib in Resources */,
			);
			runOnlyForDeploymentPostprocessing = 0;
		};
/* End PBXResourcesBuildPhase section */

/* Begin PBXShellScriptBuildPhase section */
		539C884D9F7AF131D3772B0B /* [CP] Embed Pods Frameworks */ = {
			isa = PBXShellScriptBuildPhase;
			buildActionMask = 2147483647;
			files = (
			);
			inputPaths = (
			);
			name = "[CP] Embed Pods Frameworks";
			outputPaths = (
			);
			runOnlyForDeploymentPostprocessing = 0;
			shellPath = /bin/sh;
			shellScript = "\"${SRCROOT}/Pods/Target Support Files/Pods-QianChengApp/Pods-QianChengApp-frameworks.sh\"\n";
			showEnvVarsInLog = 0;
		};
		67EA096DA2499975C2944837 /* [CP] Copy Pods Resources */ = {
			isa = PBXShellScriptBuildPhase;
			buildActionMask = 2147483647;
			files = (
			);
			inputPaths = (
			);
			name = "[CP] Copy Pods Resources";
			outputPaths = (
			);
			runOnlyForDeploymentPostprocessing = 0;
			shellPath = /bin/sh;
			shellScript = "\"${SRCROOT}/Pods/Target Support Files/Pods-QianChengApp/Pods-QianChengApp-resources.sh\"\n";
			showEnvVarsInLog = 0;
		};
		BB1709574660C3CD1D6DDC6F /* [CP] Check Pods Manifest.lock */ = {
			isa = PBXShellScriptBuildPhase;
			buildActionMask = 2147483647;
			files = (
			);
			inputPaths = (
			);
			name = "[CP] Check Pods Manifest.lock";
			outputPaths = (
			);
			runOnlyForDeploymentPostprocessing = 0;
			shellPath = /bin/sh;
			shellScript = "diff \"${PODS_ROOT}/../Podfile.lock\" \"${PODS_ROOT}/Manifest.lock\" > /dev/null\nif [ $? != 0 ] ; then\n    # print error to STDERR\n    echo \"error: The sandbox is not in sync with the Podfile.lock. Run 'pod install' or update your CocoaPods installation.\" >&2\n    exit 1\nfi\n";
			showEnvVarsInLog = 0;
		};
/* End PBXShellScriptBuildPhase section */

/* Begin PBXSourcesBuildPhase section */
		D6215D801FBE80DB0090FE80 /* Sources */ = {
			isa = PBXSourcesBuildPhase;
			buildActionMask = 2147483647;
			files = (
				D6CF52F21FCDBF2A00524EEB /* RegistViewController.m in Sources */,
				D637E8F11FC515DD00D68410 /* HomeTangDouTableViewCell.m in Sources */,
				D6C1785D1FC6CA5000BD1199 /* DaiKuanListRequest.m in Sources */,
				D60BC5CE1FD187F9001A6913 /* InfoListModel.m in Sources */,
				D6DA82C31FC840A20058FCC3 /* UIViewController+ButtonBarItem.m in Sources */,
				D61F47651FD0674D006FAD27 /* ForgetResetPwdRequest.m in Sources */,
				D60BC6041FD40A67001A6913 /* TongjiRequest.m in Sources */,
				D6B7AC7D1FD12B7000FCBEAD /* InfoList.m in Sources */,
				D6CF52D81FCDB2BE00524EEB /* MyAppHeaderView.m in Sources */,
				D6CF52F71FCDC37000524EEB /* RegistCell.m in Sources */,
				D637E8D81FC2835100D68410 /* UIView+LayoutFrame.m in Sources */,
				D6B7AC811FD12CF300FCBEAD /* InfoDetailViewController.m in Sources */,
				D6215DBC1FBE86B30090FE80 /* ZSTabBarViewController.m in Sources */,
				D6FF78981FCD09CA00A61D3F /* CardDetailFourCell.m in Sources */,
				D60BC6011FD3DE39001A6913 /* CardCollectList.m in Sources */,
				D6AE1F151FCF050200D45553 /* RegistFooterView.m in Sources */,
				D6FF78931FCD09B900A61D3F /* CardDetailThreeCell.m in Sources */,
				D6C178651FC6F16900BD1199 /* LoanMoneyModel.m in Sources */,
				D60BC5D11FD18A17001A6913 /* InfoDetailRequest.m in Sources */,
				D616000C1FCC4E02008E3FF9 /* DaiDetailJiSuanCell.m in Sources */,
				D60BC5FB1FD2CAD3001A6913 /* CustomButton.m in Sources */,
				D6215DD31FBEB92A0090FE80 /* ZSNewsViewController.m in Sources */,
				D637E8E71FC40B5800D68410 /* HomeRequest.m in Sources */,
				D60BC5E01FD19C37001A6913 /* AboutViewController.m in Sources */,
				D61600071FCC4ACF008E3FF9 /* DaiDetailInfoCell.m in Sources */,
				D6C178741FC819C500BD1199 /* ZSCardDetailViewController.m in Sources */,
				D60BC5E51FD19D44001A6913 /* MyCollectViewController.m in Sources */,
				D637E8EA1FC50D7400D68410 /* BannerModel.m in Sources */,
				D6C178581FC6A7D700BD1199 /* ZSSegmentView.m in Sources */,
				D6AE1F121FCEFD8600D45553 /* RegistYanZheng.m in Sources */,
				D637E9001FC582AC00D68410 /* DaiKuanModel.m in Sources */,
				D6CF52DE1FCDB6B900524EEB /* MyAppViewController.m in Sources */,
				D6FF788E1FCD09A800A61D3F /* DetailTwoCell.m in Sources */,
				D637E8FD1FC577AC00D68410 /* HotXinYongRequest.m in Sources */,
				D60BC5FE1FD3DDF9001A6913 /* LoanCollectList.m in Sources */,
				D6CF52C31FCD9E4000524EEB /* ZSUntils.m in Sources */,
				D637E9071FC588CF00D68410 /* DaiKuanTableViewCell.m in Sources */,
				D60BC5E91FD2B4FF001A6913 /* CollectDaiKuanView.m in Sources */,
				D6215DA41FBE81E10090FE80 /* AppDelegate.m in Sources */,
				D6FF788A1FCD057A00A61D3F /* CardDetailModel.m in Sources */,
				D6B7AC851FD132C800FCBEAD /* NSString+Addtion.m in Sources */,
				D6215DB51FBE84F50090FE80 /* ZSTabBarItem.m in Sources */,
				D61600151FCC5CB8008E3FF9 /* DaiDetailModel.m in Sources */,
				D6AE1F251FCF1E8300D45553 /* YanZhengLoginView.m in Sources */,
				D6215DC41FBEB6340090FE80 /* UIColor+Addtions.m in Sources */,
				D62CCDEA1FCBA4BF00EDD2D1 /* CardBankModel.m in Sources */,
				D6CF52EC1FCDBC9400524EEB /* MyAppFooterView.m in Sources */,
				D61600021FCC497D008E3FF9 /* DaiDetailProductCell.m in Sources */,
				D60BC5D81FD19821001A6913 /* MyAppTableViewCell.m in Sources */,
				D6215DB11FBE82310090FE80 /* main.m in Sources */,
				D6C1787B1FC819F400BD1199 /* DaiKuanDetailRequest.m in Sources */,
				D60BC5EE1FD2B55D001A6913 /* CollectCardView.m in Sources */,
				D6EF05811FD05B2100C5C576 /* ResetViewController.m in Sources */,
				D6AE1F1A1FCF0A2900D45553 /* RegistRequest.m in Sources */,
				D6B7AC791FD12AA300FCBEAD /* ZSInfoListViewController.m in Sources */,
				D637E9161FC6683100D68410 /* ZSDaiKuanListViewController.m in Sources */,
				D60BC5F31FD2BCE4001A6913 /* CollectRequest.m in Sources */,
				D637E8D51FC2822600D68410 /* CycleScrollView.m in Sources */,
				D6C178781FC819E100BD1199 /* CardDetailRequest.m in Sources */,
				D61600111FCC5369008E3FF9 /* DaiDetailConditionCell.m in Sources */,
				D6C1786F1FC819A400BD1199 /* ZDDaiKuanDetailViewController.m in Sources */,
				D637E9031FC5847B00D68410 /* HomeCardModel.m in Sources */,
				D61F47681FD06B2B006FAD27 /* ReloginRequest.m in Sources */,
				D6215DB81FBE85250090FE80 /* ZSTabBarItemModel.m in Sources */,
				D6215DC91FBEB8BC0090FE80 /* ZSHomeViewController.m in Sources */,
				D6CF52E31FCDB7A700524EEB /* ZSLoginViewController.m in Sources */,
				D6EF057C1FD054AC00C5C576 /* ResetPwdViewController.m in Sources */,
				D637E8FA1FC5778E00D68410 /* HotDaiKuanRequest.m in Sources */,
				D6C1786B1FC817EA00BD1199 /* ZSCreditCardRequest.m in Sources */,
				D6AE1F1D1FCF108F00D45553 /* PasswordLoginView.m in Sources */,
				D637E9101FC65F2000D68410 /* MBProgressHUD+ZSS.m in Sources */,
				D60BC5F71FD2C0AD001A6913 /* WebViewController.m in Sources */,
				D60BC5D41FD18AD8001A6913 /* InfoDetailModel.m in Sources */,
				D6AE1F221FCF1D8000D45553 /* LoginRequest.m in Sources */,
				D637E90C1FC588DD00D68410 /* HomeCardTableViewCell.m in Sources */,
				D6CF52FC1FCDC5DE00524EEB /* RegistYanZhengCell.m in Sources */,
			);
			runOnlyForDeploymentPostprocessing = 0;
		};
/* End PBXSourcesBuildPhase section */

/* Begin PBXVariantGroup section */
		D6215DA71FBE82300090FE80 /* LaunchScreen.storyboard */ = {
			isa = PBXVariantGroup;
			children = (
				D6215DA81FBE82300090FE80 /* Base */,
			);
			name = LaunchScreen.storyboard;
			sourceTree = "<group>";
		};
		D6215DA91FBE82300090FE80 /* Main.storyboard */ = {
			isa = PBXVariantGroup;
			children = (
				D6215DAA1FBE82300090FE80 /* Base */,
			);
			name = Main.storyboard;
			sourceTree = "<group>";
		};
/* End PBXVariantGroup section */

/* Begin XCBuildConfiguration section */
		D611C3921FD52C35002EE39C /* ADHoc */ = {
			isa = XCBuildConfiguration;
			buildSettings = {
				ALWAYS_SEARCH_USER_PATHS = NO;
				CLANG_ANALYZER_NONNULL = YES;
				CLANG_ANALYZER_NUMBER_OBJECT_CONVERSION = YES_AGGRESSIVE;
				CLANG_CXX_LANGUAGE_STANDARD = "gnu++14";
				CLANG_CXX_LIBRARY = "libc++";
				CLANG_ENABLE_MODULES = YES;
				CLANG_ENABLE_OBJC_ARC = YES;
				CLANG_WARN_BLOCK_CAPTURE_AUTORELEASING = YES;
				CLANG_WARN_BOOL_CONVERSION = YES;
				CLANG_WARN_COMMA = YES;
				CLANG_WARN_CONSTANT_CONVERSION = YES;
				CLANG_WARN_DIRECT_OBJC_ISA_USAGE = YES_ERROR;
				CLANG_WARN_DOCUMENTATION_COMMENTS = YES;
				CLANG_WARN_EMPTY_BODY = YES;
				CLANG_WARN_ENUM_CONVERSION = YES;
				CLANG_WARN_INFINITE_RECURSION = YES;
				CLANG_WARN_INT_CONVERSION = YES;
				CLANG_WARN_NON_LITERAL_NULL_CONVERSION = YES;
				CLANG_WARN_OBJC_LITERAL_CONVERSION = YES;
				CLANG_WARN_OBJC_ROOT_CLASS = YES_ERROR;
				CLANG_WARN_RANGE_LOOP_ANALYSIS = YES;
				CLANG_WARN_STRICT_PROTOTYPES = YES;
				CLANG_WARN_SUSPICIOUS_MOVE = YES;
				CLANG_WARN_UNGUARDED_AVAILABILITY = YES_AGGRESSIVE;
				CLANG_WARN_UNREACHABLE_CODE = YES;
				CLANG_WARN__DUPLICATE_METHOD_MATCH = YES;
				CODE_SIGN_IDENTITY = "iPhone Developer";
				COPY_PHASE_STRIP = NO;
				DEBUG_INFORMATION_FORMAT = "dwarf-with-dsym";
				ENABLE_NS_ASSERTIONS = NO;
				ENABLE_STRICT_OBJC_MSGSEND = YES;
				GCC_C_LANGUAGE_STANDARD = gnu11;
				GCC_NO_COMMON_BLOCKS = YES;
				GCC_WARN_64_TO_32_BIT_CONVERSION = YES;
				GCC_WARN_ABOUT_RETURN_TYPE = YES_ERROR;
				GCC_WARN_UNDECLARED_SELECTOR = YES;
				GCC_WARN_UNINITIALIZED_AUTOS = YES_AGGRESSIVE;
				GCC_WARN_UNUSED_FUNCTION = YES;
				GCC_WARN_UNUSED_VARIABLE = YES;
				IPHONEOS_DEPLOYMENT_TARGET = 9.0;
				MTL_ENABLE_DEBUG_INFO = NO;
				PROVISIONING_PROFILE = "6533827d-f37f-43c4-821a-968a85b45088";
				SDKROOT = iphoneos;
				VALIDATE_PRODUCT = YES;
			};
			name = ADHoc;
		};
		D611C3931FD52C35002EE39C /* ADHoc */ = {
			isa = XCBuildConfiguration;
			baseConfigurationReference = 0C6ABC434D53A18BA2F7E352 /* Pods-QianChengApp.release.xcconfig */;
			buildSettings = {
				ASSETCATALOG_COMPILER_APPICON_NAME = AppIcon;
				CODE_SIGN_IDENTITY = "iPhone Distribution: Chengcheng sign network technology Nanjing Co. Ltd. (S76U6287A2)";
				"CODE_SIGN_IDENTITY[sdk=iphoneos*]" = "iPhone Developer";
				CODE_SIGN_STYLE = Automatic;
				DEVELOPMENT_TEAM = S76U6287A2;
				GCC_PRECOMPILE_PREFIX_HEADER = YES;
				GCC_PREFIX_HEADER = QianChengApp/qianchengWidget/QianChengApp.pch;
				INFOPLIST_FILE = QianChengApp/qianchengWidget/info.plist;
				IPHONEOS_DEPLOYMENT_TARGET = 9.0;
				LD_RUNPATH_SEARCH_PATHS = "$(inherited) @executable_path/Frameworks";
				ONLY_ACTIVE_ARCH = YES;
				PRODUCT_BUNDLE_IDENTIFIER = com.xinDaiBao.qiancheng;
				PRODUCT_NAME = "$(TARGET_NAME)";
				PROVISIONING_PROFILE = "";
				PROVISIONING_PROFILE_SPECIFIER = "";
				TARGETED_DEVICE_FAMILY = 1;
			};
			name = ADHoc;
		};
		D6215D981FBE80DB0090FE80 /* Debug */ = {
			isa = XCBuildConfiguration;
			baseConfigurationReference = 9BD0896958AAECCDB0E92024 /* Pods-QianChengApp.debug.xcconfig */;
			buildSettings = {
				ALWAYS_SEARCH_USER_PATHS = NO;
				CLANG_ANALYZER_NONNULL = YES;
				CLANG_ANALYZER_NUMBER_OBJECT_CONVERSION = YES_AGGRESSIVE;
				CLANG_CXX_LANGUAGE_STANDARD = "gnu++14";
				CLANG_CXX_LIBRARY = "libc++";
				CLANG_ENABLE_MODULES = YES;
				CLANG_ENABLE_OBJC_ARC = YES;
				CLANG_WARN_BLOCK_CAPTURE_AUTORELEASING = YES;
				CLANG_WARN_BOOL_CONVERSION = YES;
				CLANG_WARN_COMMA = YES;
				CLANG_WARN_CONSTANT_CONVERSION = YES;
				CLANG_WARN_DIRECT_OBJC_ISA_USAGE = YES_ERROR;
				CLANG_WARN_DOCUMENTATION_COMMENTS = YES;
				CLANG_WARN_EMPTY_BODY = YES;
				CLANG_WARN_ENUM_CONVERSION = YES;
				CLANG_WARN_INFINITE_RECURSION = YES;
				CLANG_WARN_INT_CONVERSION = YES;
				CLANG_WARN_NON_LITERAL_NULL_CONVERSION = YES;
				CLANG_WARN_OBJC_LITERAL_CONVERSION = YES;
				CLANG_WARN_OBJC_ROOT_CLASS = YES_ERROR;
				CLANG_WARN_RANGE_LOOP_ANALYSIS = YES;
				CLANG_WARN_STRICT_PROTOTYPES = YES;
				CLANG_WARN_SUSPICIOUS_MOVE = YES;
				CLANG_WARN_UNGUARDED_AVAILABILITY = YES_AGGRESSIVE;
				CLANG_WARN_UNREACHABLE_CODE = YES;
				CLANG_WARN__DUPLICATE_METHOD_MATCH = YES;
				CODE_SIGN_IDENTITY = "iPhone Developer";
				COPY_PHASE_STRIP = NO;
				DEBUG_INFORMATION_FORMAT = dwarf;
				ENABLE_STRICT_OBJC_MSGSEND = YES;
				ENABLE_TESTABILITY = YES;
				GCC_C_LANGUAGE_STANDARD = gnu11;
				GCC_DYNAMIC_NO_PIC = NO;
				GCC_NO_COMMON_BLOCKS = YES;
				GCC_OPTIMIZATION_LEVEL = 0;
				GCC_PREPROCESSOR_DEFINITIONS = (
					"DEBUG=1",
					"$(inherited)",
				);
				GCC_WARN_64_TO_32_BIT_CONVERSION = YES;
				GCC_WARN_ABOUT_RETURN_TYPE = YES_ERROR;
				GCC_WARN_UNDECLARED_SELECTOR = YES;
				GCC_WARN_UNINITIALIZED_AUTOS = YES_AGGRESSIVE;
				GCC_WARN_UNUSED_FUNCTION = YES;
				GCC_WARN_UNUSED_VARIABLE = YES;
				IPHONEOS_DEPLOYMENT_TARGET = 9.0;
				MTL_ENABLE_DEBUG_INFO = YES;
				ONLY_ACTIVE_ARCH = YES;
				PROVISIONING_PROFILE = "6533827d-f37f-43c4-821a-968a85b45088";
				SDKROOT = iphoneos;
			};
			name = Debug;
		};
		D6215D991FBE80DB0090FE80 /* Release */ = {
			isa = XCBuildConfiguration;
			baseConfigurationReference = 0C6ABC434D53A18BA2F7E352 /* Pods-QianChengApp.release.xcconfig */;
			buildSettings = {
				ALWAYS_SEARCH_USER_PATHS = NO;
				CLANG_ANALYZER_NONNULL = YES;
				CLANG_ANALYZER_NUMBER_OBJECT_CONVERSION = YES_AGGRESSIVE;
				CLANG_CXX_LANGUAGE_STANDARD = "gnu++14";
				CLANG_CXX_LIBRARY = "libc++";
				CLANG_ENABLE_MODULES = YES;
				CLANG_ENABLE_OBJC_ARC = YES;
				CLANG_WARN_BLOCK_CAPTURE_AUTORELEASING = YES;
				CLANG_WARN_BOOL_CONVERSION = YES;
				CLANG_WARN_COMMA = YES;
				CLANG_WARN_CONSTANT_CONVERSION = YES;
				CLANG_WARN_DIRECT_OBJC_ISA_USAGE = YES_ERROR;
				CLANG_WARN_DOCUMENTATION_COMMENTS = YES;
				CLANG_WARN_EMPTY_BODY = YES;
				CLANG_WARN_ENUM_CONVERSION = YES;
				CLANG_WARN_INFINITE_RECURSION = YES;
				CLANG_WARN_INT_CONVERSION = YES;
				CLANG_WARN_NON_LITERAL_NULL_CONVERSION = YES;
				CLANG_WARN_OBJC_LITERAL_CONVERSION = YES;
				CLANG_WARN_OBJC_ROOT_CLASS = YES_ERROR;
				CLANG_WARN_RANGE_LOOP_ANALYSIS = YES;
				CLANG_WARN_STRICT_PROTOTYPES = YES;
				CLANG_WARN_SUSPICIOUS_MOVE = YES;
				CLANG_WARN_UNGUARDED_AVAILABILITY = YES_AGGRESSIVE;
				CLANG_WARN_UNREACHABLE_CODE = YES;
				CLANG_WARN__DUPLICATE_METHOD_MATCH = YES;
				CODE_SIGN_IDENTITY = "iPhone Developer";
				COPY_PHASE_STRIP = NO;
				DEBUG_INFORMATION_FORMAT = "dwarf-with-dsym";
				ENABLE_NS_ASSERTIONS = NO;
				ENABLE_STRICT_OBJC_MSGSEND = YES;
				GCC_C_LANGUAGE_STANDARD = gnu11;
				GCC_NO_COMMON_BLOCKS = YES;
				GCC_WARN_64_TO_32_BIT_CONVERSION = YES;
				GCC_WARN_ABOUT_RETURN_TYPE = YES_ERROR;
				GCC_WARN_UNDECLARED_SELECTOR = YES;
				GCC_WARN_UNINITIALIZED_AUTOS = YES_AGGRESSIVE;
				GCC_WARN_UNUSED_FUNCTION = YES;
				GCC_WARN_UNUSED_VARIABLE = YES;
				IPHONEOS_DEPLOYMENT_TARGET = 9.0;
				MTL_ENABLE_DEBUG_INFO = NO;
				PROVISIONING_PROFILE = "6533827d-f37f-43c4-821a-968a85b45088";
				SDKROOT = iphoneos;
				VALIDATE_PRODUCT = YES;
			};
			name = Release;
		};
		D6215D9B1FBE80DB0090FE80 /* Debug */ = {
			isa = XCBuildConfiguration;
			baseConfigurationReference = 9BD0896958AAECCDB0E92024 /* Pods-QianChengApp.debug.xcconfig */;
			buildSettings = {
				ASSETCATALOG_COMPILER_APPICON_NAME = AppIcon;
				CODE_SIGN_IDENTITY = "iPhone Distribution: Chengcheng sign network technology Nanjing Co. Ltd. (S76U6287A2)";
				"CODE_SIGN_IDENTITY[sdk=iphoneos*]" = "iPhone Developer";
				CODE_SIGN_STYLE = Automatic;
				DEVELOPMENT_TEAM = S76U6287A2;
				GCC_PRECOMPILE_PREFIX_HEADER = YES;
				GCC_PREFIX_HEADER = QianChengApp/qianchengWidget/QianChengApp.pch;
				INFOPLIST_FILE = QianChengApp/qianchengWidget/info.plist;
				IPHONEOS_DEPLOYMENT_TARGET = 9.0;
				LD_RUNPATH_SEARCH_PATHS = "$(inherited) @executable_path/Frameworks";
				ONLY_ACTIVE_ARCH = YES;
				PRODUCT_BUNDLE_IDENTIFIER = com.xinDaiBao.qiancheng;
				PRODUCT_NAME = "$(TARGET_NAME)";
				PROVISIONING_PROFILE = "";
				PROVISIONING_PROFILE_SPECIFIER = "";
				TARGETED_DEVICE_FAMILY = 1;
			};
			name = Debug;
		};
		D6215D9C1FBE80DB0090FE80 /* Release */ = {
			isa = XCBuildConfiguration;
			baseConfigurationReference = 0C6ABC434D53A18BA2F7E352 /* Pods-QianChengApp.release.xcconfig */;
			buildSettings = {
				ASSETCATALOG_COMPILER_APPICON_NAME = AppIcon;
				CODE_SIGN_IDENTITY = "iPhone Distribution: Chengcheng sign network technology Nanjing Co. Ltd. (S76U6287A2)";
				"CODE_SIGN_IDENTITY[sdk=iphoneos*]" = "iPhone Developer";
				CODE_SIGN_STYLE = Automatic;
				DEVELOPMENT_TEAM = S76U6287A2;
				GCC_PRECOMPILE_PREFIX_HEADER = YES;
				GCC_PREFIX_HEADER = QianChengApp/qianchengWidget/QianChengApp.pch;
				INFOPLIST_FILE = QianChengApp/qianchengWidget/info.plist;
				IPHONEOS_DEPLOYMENT_TARGET = 9.0;
				LD_RUNPATH_SEARCH_PATHS = "$(inherited) @executable_path/Frameworks";
				ONLY_ACTIVE_ARCH = YES;
				PRODUCT_BUNDLE_IDENTIFIER = com.xinDaiBao.qiancheng;
				PRODUCT_NAME = "$(TARGET_NAME)";
				PROVISIONING_PROFILE = "";
				PROVISIONING_PROFILE_SPECIFIER = "";
				TARGETED_DEVICE_FAMILY = 1;
			};
			name = Release;
		};
/* End XCBuildConfiguration section */

/* Begin XCConfigurationList section */
		D6215D7F1FBE80DB0090FE80 /* Build configuration list for PBXProject "QianChengApp" */ = {
			isa = XCConfigurationList;
			buildConfigurations = (
				D6215D981FBE80DB0090FE80 /* Debug */,
				D6215D991FBE80DB0090FE80 /* Release */,
				D611C3921FD52C35002EE39C /* ADHoc */,
			);
			defaultConfigurationIsVisible = 0;
			defaultConfigurationName = Release;
		};
		D6215D9A1FBE80DB0090FE80 /* Build configuration list for PBXNativeTarget "QianChengApp" */ = {
			isa = XCConfigurationList;
			buildConfigurations = (
				D6215D9B1FBE80DB0090FE80 /* Debug */,
				D6215D9C1FBE80DB0090FE80 /* Release */,
				D611C3931FD52C35002EE39C /* ADHoc */,
			);
			defaultConfigurationIsVisible = 0;
			defaultConfigurationName = Release;
		};
/* End XCConfigurationList section */
	};
	rootObject = D6215D7C1FBE80DB0090FE80 /* Project object */;
}
